// !$*UTF8*$!
{
	archiveVersion = 1;
	classes = {
	};
	objectVersion = 56;
	objects = {

/* Begin PBXBuildFile section */
		2035D7582E7D9CF90011B21D /* DeviceActivity.framework in Frameworks */ = {isa = PBXBuildFile; fileRef = 20E8EF852E7D41B200C092A1 /* DeviceActivity.framework */; };
		2089F0BC2E71A18F00ABF5FA /* Assets.xcassets in Resources */ = {isa = PBXBuildFile; fileRef = 2089F0BB2E71A18F00ABF5FA /* Assets.xcassets */; };
		2089F0BF2E71A18F00ABF5FA /* Preview Assets.xcassets in Resources */ = {isa = PBXBuildFile; fileRef = 2089F0BE2E71A18F00ABF5FA /* Preview Assets.xcassets */; };
		2089F0EB2E71AE3400ABF5FA /* BudgetEngine.swift in Sources */ = {isa = PBXBuildFile; fileRef = 2089F0E12E71AE3400ABF5FA /* BudgetEngine.swift */; };
		2089F0EC2E71AE3400ABF5FA /* Types.swift in Sources */ = {isa = PBXBuildFile; fileRef = 2089F0E22E71AE3400ABF5FA /* Types.swift */; };
		2089F0ED2E71AE3400ABF5FA /* FamilyControlsService.swift in Sources */ = {isa = PBXBuildFile; fileRef = 2089F0E42E71AE3400ABF5FA /* FamilyControlsService.swift */; };
		2089F0EE2E71AE3400ABF5FA /* HealthKitService.swift in Sources */ = {isa = PBXBuildFile; fileRef = 2089F0E52E71AE3400ABF5FA /* HealthKitService.swift */; };
		2089F0EF2E71AE3400ABF5FA /* Date+Today.swift in Sources */ = {isa = PBXBuildFile; fileRef = 2089F0E72E71AE3400ABF5FA /* Date+Today.swift */; };
		2089F0F02E71AE3400ABF5FA /* StepsTraderApp.swift in Sources */ = {isa = PBXBuildFile; fileRef = 2089F0E92E71AE3400ABF5FA /* StepsTraderApp.swift */; };
		209424AF2E80C52C00904A0A /* AllAppIntents.swift in Sources */ = {isa = PBXBuildFile; fileRef = 209424AD2E80C52C00904A0A /* AllAppIntents.swift */; };
		209424BF2E8593DA00904A0A /* StatMiniCard.swift in Sources */ = {isa = PBXBuildFile; fileRef = 209424B72E8593DA00904A0A /* StatMiniCard.swift */; };
		209424C02E8593DA00904A0A /* StatusRow.swift in Sources */ = {isa = PBXBuildFile; fileRef = 209424B82E8593DA00904A0A /* StatusRow.swift */; };
		209424C12E8593DA00904A0A /* TariffOptionView.swift in Sources */ = {isa = PBXBuildFile; fileRef = 209424B92E8593DA00904A0A /* TariffOptionView.swift */; };
		209424C22E8593DA00904A0A /* BlockScreen.swift in Sources */ = {isa = PBXBuildFile; fileRef = 209424BB2E8593DA00904A0A /* BlockScreen.swift */; };
		209424C32E8593DA00904A0A /* SettingsView.swift in Sources */ = {isa = PBXBuildFile; fileRef = 209424BC2E8593DA00904A0A /* SettingsView.swift */; };
		209424C42E8593DA00904A0A /* StatusView.swift in Sources */ = {isa = PBXBuildFile; fileRef = 209424BD2E8593DA00904A0A /* StatusView.swift */; };
		209424C82E85952D00904A0A /* NotificationManager.swift in Sources */ = {isa = PBXBuildFile; fileRef = 209424C52E85952D00904A0A /* NotificationManager.swift */; };
		209424C92E85952D00904A0A /* AppModel.swift in Sources */ = {isa = PBXBuildFile; fileRef = 209424C62E85952D00904A0A /* AppModel.swift */; };
		209424CA2E85952D00904A0A /* DIContainer.swift in Sources */ = {isa = PBXBuildFile; fileRef = 209424C72E85952D00904A0A /* DIContainer.swift */; };
		20B0A3522E8C658800D5EBE4 /* ShieldConfigurationProvider.swift in Sources */ = {isa = PBXBuildFile; fileRef = 20B0A3502E8C658800D5EBE4 /* ShieldConfigurationProvider.swift */; };
		20B0A3542E8C65E700D5EBE4 /* UserDefaults+StepsTrader.swift in Sources */ = {isa = PBXBuildFile; fileRef = 20B0A3532E8C65E700D5EBE4 /* UserDefaults+StepsTrader.swift */; };
		20B0A3582E8C930700D5EBE4 /* HandoffManager.swift in Sources */ = {isa = PBXBuildFile; fileRef = 20B0A3572E8C930700D5EBE4 /* HandoffManager.swift */; };
		20F5A0612FFF040000000007 /* LLMService.swift in Sources */ = {isa = PBXBuildFile; fileRef = 20F5A0602FFF040000000006 /* LLMService.swift */; };
		20F5A0102FFF020000000001 /* StepBalanceCard.swift in Sources */ = {isa = PBXBuildFile; fileRef = 20F5A00F2FFF020000000000 /* StepBalanceCard.swift */; };
		20F5A0112FFF030000000002 /* Localization.swift in Sources */ = {isa = PBXBuildFile; fileRef = 20F5A0122FFF030000000003 /* Localization.swift */; };
		20F5A0032FFF000100000003 /* AutomationUIModels.swift in Sources */ = {isa = PBXBuildFile; fileRef = 20F5A0012FFF000100000001 /* AutomationUIModels.swift */; };
		20F5A0042FFF000100000004 /* AppsPage.swift in Sources */ = {isa = PBXBuildFile; fileRef = 20F5A0022FFF000100000002 /* AppsPage.swift */; };
/* End PBXBuildFile section */

/* Begin PBXContainerItemProxy section */
		2089F0C52E71A18F00ABF5FA /* PBXContainerItemProxy */ = {
			isa = PBXContainerItemProxy;
			containerPortal = 2089F0AC2E71A18E00ABF5FA /* Project object */;
			proxyType = 1;
			remoteGlobalIDString = 2089F0B32E71A18E00ABF5FA;
			remoteInfo = Steps4;
		};
		2089F0CF2E71A18F00ABF5FA /* PBXContainerItemProxy */ = {
			isa = PBXContainerItemProxy;
			containerPortal = 2089F0AC2E71A18E00ABF5FA /* Project object */;
			proxyType = 1;
			remoteGlobalIDString = 2089F0B32E71A18E00ABF5FA;
			remoteInfo = Steps4;
		};
/* End PBXContainerItemProxy section */

/* Begin PBXCopyFilesBuildPhase section */
		20E8EF8F2E7D41B200C092A1 /* Embed Foundation Extensions */ = {
			isa = PBXCopyFilesBuildPhase;
			buildActionMask = 2147483647;
			dstPath = "";
			dstSubfolderSpec = 13;
			files = (
			);
			name = "Embed Foundation Extensions";
			runOnlyForDeploymentPostprocessing = 0;
		};
/* End PBXCopyFilesBuildPhase section */

/* Begin PBXFileReference section */
		2089F0B42E71A18E00ABF5FA /* Steps Trader.app */ = {isa = PBXFileReference; explicitFileType = wrapper.application; includeInIndex = 0; path = "Steps Trader.app"; sourceTree = BUILT_PRODUCTS_DIR; };
		2089F0BB2E71A18F00ABF5FA /* Assets.xcassets */ = {isa = PBXFileReference; lastKnownFileType = folder.assetcatalog; path = Assets.xcassets; sourceTree = "<group>"; };
		2089F0BE2E71A18F00ABF5FA /* Preview Assets.xcassets */ = {isa = PBXFileReference; lastKnownFileType = folder.assetcatalog; path = "Preview Assets.xcassets"; sourceTree = "<group>"; };
		2089F0C42E71A18F00ABF5FA /* Steps Trader.xctest */ = {isa = PBXFileReference; explicitFileType = wrapper.cfbundle; includeInIndex = 0; path = "Steps Trader.xctest"; sourceTree = BUILT_PRODUCTS_DIR; };
		2089F0CE2E71A18F00ABF5FA /* Steps Trader.xctest */ = {isa = PBXFileReference; explicitFileType = wrapper.cfbundle; includeInIndex = 0; path = "Steps Trader.xctest"; sourceTree = BUILT_PRODUCTS_DIR; };
		2089F0E12E71AE3400ABF5FA /* BudgetEngine.swift */ = {isa = PBXFileReference; fileEncoding = 4; lastKnownFileType = sourcecode.swift; path = BudgetEngine.swift; sourceTree = "<group>"; };
		2089F0E22E71AE3400ABF5FA /* Types.swift */ = {isa = PBXFileReference; fileEncoding = 4; lastKnownFileType = sourcecode.swift; path = Types.swift; sourceTree = "<group>"; };
		2089F0E42E71AE3400ABF5FA /* FamilyControlsService.swift */ = {isa = PBXFileReference; fileEncoding = 4; lastKnownFileType = sourcecode.swift; path = FamilyControlsService.swift; sourceTree = "<group>"; };
		2089F0E52E71AE3400ABF5FA /* HealthKitService.swift */ = {isa = PBXFileReference; fileEncoding = 4; lastKnownFileType = sourcecode.swift; path = HealthKitService.swift; sourceTree = "<group>"; };
		2089F0E72E71AE3400ABF5FA /* Date+Today.swift */ = {isa = PBXFileReference; fileEncoding = 4; lastKnownFileType = sourcecode.swift; path = "Date+Today.swift"; sourceTree = "<group>"; };
		2089F0E92E71AE3400ABF5FA /* StepsTraderApp.swift */ = {isa = PBXFileReference; fileEncoding = 4; lastKnownFileType = sourcecode.swift; path = StepsTraderApp.swift; sourceTree = "<group>"; };
		2089F0F12E72D68C00ABF5FA /* Steps4.entitlements */ = {isa = PBXFileReference; lastKnownFileType = text.plist.entitlements; path = Steps4.entitlements; sourceTree = "<group>"; };
		2089F0F42E72EC1700ABF5FA /* Info.plist */ = {isa = PBXFileReference; lastKnownFileType = text.plist.xml; path = Info.plist; sourceTree = "<group>"; };
		209424AD2E80C52C00904A0A /* AllAppIntents.swift */ = {isa = PBXFileReference; fileEncoding = 4; lastKnownFileType = sourcecode.swift; path = AllAppIntents.swift; sourceTree = "<group>"; };
		209424B72E8593DA00904A0A /* StatMiniCard.swift */ = {isa = PBXFileReference; fileEncoding = 4; lastKnownFileType = sourcecode.swift; path = StatMiniCard.swift; sourceTree = "<group>"; };
		209424B82E8593DA00904A0A /* StatusRow.swift */ = {isa = PBXFileReference; fileEncoding = 4; lastKnownFileType = sourcecode.swift; path = StatusRow.swift; sourceTree = "<group>"; };
		209424B92E8593DA00904A0A /* TariffOptionView.swift */ = {isa = PBXFileReference; fileEncoding = 4; lastKnownFileType = sourcecode.swift; path = TariffOptionView.swift; sourceTree = "<group>"; };
		209424BB2E8593DA00904A0A /* BlockScreen.swift */ = {isa = PBXFileReference; fileEncoding = 4; lastKnownFileType = sourcecode.swift; path = BlockScreen.swift; sourceTree = "<group>"; };
		209424BC2E8593DA00904A0A /* SettingsView.swift */ = {isa = PBXFileReference; fileEncoding = 4; lastKnownFileType = sourcecode.swift; path = SettingsView.swift; sourceTree = "<group>"; };
		209424BD2E8593DA00904A0A /* StatusView.swift */ = {isa = PBXFileReference; fileEncoding = 4; lastKnownFileType = sourcecode.swift; path = StatusView.swift; sourceTree = "<group>"; };
		209424C52E85952D00904A0A /* NotificationManager.swift */ = {isa = PBXFileReference; fileEncoding = 4; lastKnownFileType = sourcecode.swift; path = NotificationManager.swift; sourceTree = "<group>"; };
		209424C62E85952D00904A0A /* AppModel.swift */ = {isa = PBXFileReference; fileEncoding = 4; lastKnownFileType = sourcecode.swift; path = AppModel.swift; sourceTree = "<group>"; };
		209424C72E85952D00904A0A /* DIContainer.swift */ = {isa = PBXFileReference; fileEncoding = 4; lastKnownFileType = sourcecode.swift; path = DIContainer.swift; sourceTree = "<group>"; };
		20B0A3502E8C658800D5EBE4 /* ShieldConfigurationProvider.swift */ = {isa = PBXFileReference; lastKnownFileType = sourcecode.swift; path = ShieldConfigurationProvider.swift; sourceTree = "<group>"; };
		20B0A3532E8C65E700D5EBE4 /* UserDefaults+StepsTrader.swift */ = {isa = PBXFileReference; lastKnownFileType = sourcecode.swift; path = "UserDefaults+StepsTrader.swift"; sourceTree = "<group>"; };
		20B0A3572E8C930700D5EBE4 /* HandoffManager.swift */ = {isa = PBXFileReference; lastKnownFileType = sourcecode.swift; path = HandoffManager.swift; sourceTree = "<group>"; };
		20F5A0602FFF040000000006 /* LLMService.swift */ = {isa = PBXFileReference; fileEncoding = 4; lastKnownFileType = sourcecode.swift; path = LLMService.swift; sourceTree = "<group>"; };
		20F5A00F2FFF020000000000 /* StepBalanceCard.swift */ = {isa = PBXFileReference; fileEncoding = 4; lastKnownFileType = sourcecode.swift; path = StepBalanceCard.swift; sourceTree = "<group>"; };
		20F5A0122FFF030000000003 /* Localization.swift */ = {isa = PBXFileReference; fileEncoding = 4; lastKnownFileType = sourcecode.swift; path = Localization.swift; sourceTree = "<group>"; };
		20F5A0012FFF000100000001 /* AutomationUIModels.swift */ = {isa = PBXFileReference; lastKnownFileType = sourcecode.swift; path = AutomationUIModels.swift; sourceTree = "<group>"; };
		20F5A0022FFF000100000002 /* AppsPage.swift */ = {isa = PBXFileReference; lastKnownFileType = sourcecode.swift; path = AppsPage.swift; sourceTree = "<group>"; };
		20E8EF852E7D41B200C092A1 /* DeviceActivity.framework */ = {isa = PBXFileReference; lastKnownFileType = wrapper.framework; name = DeviceActivity.framework; path = System/Library/Frameworks/DeviceActivity.framework; sourceTree = SDKROOT; };
/* End PBXFileReference section */

/* Begin PBXFrameworksBuildPhase section */
		2089F0B12E71A18E00ABF5FA /* Frameworks */ = {
			isa = PBXFrameworksBuildPhase;
			buildActionMask = 2147483647;
			files = (
				2035D7582E7D9CF90011B21D /* DeviceActivity.framework in Frameworks */,
			);
			runOnlyForDeploymentPostprocessing = 0;
		};
		2089F0C12E71A18F00ABF5FA /* Frameworks */ = {
			isa = PBXFrameworksBuildPhase;
			buildActionMask = 2147483647;
			files = (
			);
			runOnlyForDeploymentPostprocessing = 0;
		};
		2089F0CB2E71A18F00ABF5FA /* Frameworks */ = {
			isa = PBXFrameworksBuildPhase;
			buildActionMask = 2147483647;
			files = (
			);
			runOnlyForDeploymentPostprocessing = 0;
		};
/* End PBXFrameworksBuildPhase section */

/* Begin PBXGroup section */
		2089F0AB2E71A18E00ABF5FA = {
			isa = PBXGroup;
			children = (
				2089F0EA2E71AE3400ABF5FA /* StepsTrader */,
				2089F0B62E71A18E00ABF5FA /* Steps4 */,
				20E8EF842E7D41B200C092A1 /* Frameworks */,
				2089F0B52E71A18E00ABF5FA /* Products */,
			);
			sourceTree = "<group>";
		};
		2089F0B52E71A18E00ABF5FA /* Products */ = {
			isa = PBXGroup;
			children = (
				2089F0B42E71A18E00ABF5FA /* Steps Trader.app */,
				2089F0C42E71A18F00ABF5FA /* Steps Trader.xctest */,
				2089F0CE2E71A18F00ABF5FA /* Steps Trader.xctest */,
			);
			name = Products;
			sourceTree = "<group>";
		};
		2089F0B62E71A18E00ABF5FA /* Steps4 */ = {
			isa = PBXGroup;
			children = (
				2089F0F42E72EC1700ABF5FA /* Info.plist */,
				2089F0F12E72D68C00ABF5FA /* Steps4.entitlements */,
				2089F0BD2E71A18F00ABF5FA /* Preview Content */,
			);
			path = Steps4;
			sourceTree = "<group>";
		};
		2089F0BD2E71A18F00ABF5FA /* Preview Content */ = {
			isa = PBXGroup;
			children = (
				2089F0BE2E71A18F00ABF5FA /* Preview Assets.xcassets */,
			);
			path = "Preview Content";
			sourceTree = "<group>";
		};
		2089F0E32E71AE3400ABF5FA /* Models */ = {
			isa = PBXGroup;
			children = (
				2089F0E12E71AE3400ABF5FA /* BudgetEngine.swift */,
				2089F0E22E71AE3400ABF5FA /* Types.swift */,
				20F5A0012FFF000100000001 /* AutomationUIModels.swift */,
			);
			path = Models;
			sourceTree = "<group>";
		};
		2089F0E62E71AE3400ABF5FA /* Services */ = {
			isa = PBXGroup;
			children = (
				2089F0E42E71AE3400ABF5FA /* FamilyControlsService.swift */,
				2089F0E52E71AE3400ABF5FA /* HealthKitService.swift */,
				20F5A0602FFF040000000006 /* LLMService.swift */,
			);
			path = Services;
			sourceTree = "<group>";
		};
		2089F0E82E71AE3400ABF5FA /* Utilities */ = {
			isa = PBXGroup;
			children = (
				20B0A3532E8C65E700D5EBE4 /* UserDefaults+StepsTrader.swift */,
				20F5A0122FFF030000000003 /* Localization.swift */,
				2089F0E72E71AE3400ABF5FA /* Date+Today.swift */,
			);
			path = Utilities;
			sourceTree = "<group>";
		};
		2089F0EA2E71AE3400ABF5FA /* StepsTrader */ = {
			isa = PBXGroup;
			children = (
				20B0A3512E8C658800D5EBE4 /* Shield */,
				209424AE2E80C52C00904A0A /* Intents */,
				209424AC2E80C51300904A0A /* Shield */,
				2089F0E32E71AE3400ABF5FA /* Models */,
				2089F0E62E71AE3400ABF5FA /* Services */,
				209424BE2E8593DA00904A0A /* Views */,
				2089F0E82E71AE3400ABF5FA /* Utilities */,
				2089F0E92E71AE3400ABF5FA /* StepsTraderApp.swift */,
				20B0A3572E8C930700D5EBE4 /* HandoffManager.swift */,
				209424C62E85952D00904A0A /* AppModel.swift */,
				209424C72E85952D00904A0A /* DIContainer.swift */,
				209424C52E85952D00904A0A /* NotificationManager.swift */,
				2089F0BB2E71A18F00ABF5FA /* Assets.xcassets */,
			);
			path = StepsTrader;
			sourceTree = "<group>";
		};
		209424AC2E80C51300904A0A /* Shield */ = {
			isa = PBXGroup;
			children = (
			);
			path = Shield;
			sourceTree = "<group>";
		};
		209424AE2E80C52C00904A0A /* Intents */ = {
			isa = PBXGroup;
			children = (
				209424AD2E80C52C00904A0A /* AllAppIntents.swift */,
			);
			path = Intents;
			sourceTree = "<group>";
		};
		209424BA2E8593DA00904A0A /* Components */ = {
			isa = PBXGroup;
			children = (
				209424B72E8593DA00904A0A /* StatMiniCard.swift */,
				209424B82E8593DA00904A0A /* StatusRow.swift */,
				209424B92E8593DA00904A0A /* TariffOptionView.swift */,
				20F5A00F2FFF020000000000 /* StepBalanceCard.swift */,
			);
			path = Components;
			sourceTree = "<group>";
		};
		209424BE2E8593DA00904A0A /* Views */ = {
			isa = PBXGroup;
			children = (
				209424BA2E8593DA00904A0A /* Components */,
				209424BB2E8593DA00904A0A /* BlockScreen.swift */,
				209424BC2E8593DA00904A0A /* SettingsView.swift */,
				209424BD2E8593DA00904A0A /* StatusView.swift */,
				20F5A0022FFF000100000002 /* AppsPage.swift */,
			);
			path = Views;
			sourceTree = "<group>";
		};
		20B0A3512E8C658800D5EBE4 /* Shield */ = {
			isa = PBXGroup;
			children = (
				20B0A3502E8C658800D5EBE4 /* ShieldConfigurationProvider.swift */,
			);
			path = Shield;
			sourceTree = "<group>";
		};
		20E8EF842E7D41B200C092A1 /* Frameworks */ = {
			isa = PBXGroup;
			children = (
				20E8EF852E7D41B200C092A1 /* DeviceActivity.framework */,
			);
			name = Frameworks;
			sourceTree = "<group>";
		};
/* End PBXGroup section */

/* Begin PBXNativeTarget section */
		2089F0B32E71A18E00ABF5FA /* Steps4 */ = {
			isa = PBXNativeTarget;
			buildConfigurationList = 2089F0D82E71A18F00ABF5FA /* Build configuration list for PBXNativeTarget "Steps4" */;
			buildPhases = (
				2089F0B02E71A18E00ABF5FA /* Sources */,
				2089F0B12E71A18E00ABF5FA /* Frameworks */,
				2089F0B22E71A18E00ABF5FA /* Resources */,
				20E8EF8F2E7D41B200C092A1 /* Embed Foundation Extensions */,
			);
			buildRules = (
			);
			dependencies = (
			);
			name = Steps4;
			productName = Steps4;
			productReference = 2089F0B42E71A18E00ABF5FA /* Steps Trader.app */;
			productType = "com.apple.product-type.application";
		};
		2089F0C32E71A18F00ABF5FA /* Steps4Tests */ = {
			isa = PBXNativeTarget;
			buildConfigurationList = 2089F0DB2E71A18F00ABF5FA /* Build configuration list for PBXNativeTarget "Steps4Tests" */;
			buildPhases = (
				2089F0C02E71A18F00ABF5FA /* Sources */,
				2089F0C12E71A18F00ABF5FA /* Frameworks */,
				2089F0C22E71A18F00ABF5FA /* Resources */,
			);
			buildRules = (
			);
			dependencies = (
				2089F0C62E71A18F00ABF5FA /* PBXTargetDependency */,
			);
			name = Steps4Tests;
			productName = Steps4Tests;
			productReference = 2089F0C42E71A18F00ABF5FA /* Steps Trader.xctest */;
			productType = "com.apple.product-type.bundle.unit-test";
		};
		2089F0CD2E71A18F00ABF5FA /* Steps4UITests */ = {
			isa = PBXNativeTarget;
			buildConfigurationList = 2089F0DE2E71A18F00ABF5FA /* Build configuration list for PBXNativeTarget "Steps4UITests" */;
			buildPhases = (
				2089F0CA2E71A18F00ABF5FA /* Sources */,
				2089F0CB2E71A18F00ABF5FA /* Frameworks */,
				2089F0CC2E71A18F00ABF5FA /* Resources */,
			);
			buildRules = (
			);
			dependencies = (
				2089F0D02E71A18F00ABF5FA /* PBXTargetDependency */,
			);
			name = Steps4UITests;
			productName = Steps4UITests;
			productReference = 2089F0CE2E71A18F00ABF5FA /* Steps Trader.xctest */;
			productType = "com.apple.product-type.bundle.ui-testing";
		};
/* End PBXNativeTarget section */

/* Begin PBXProject section */
		2089F0AC2E71A18E00ABF5FA /* Project object */ = {
			isa = PBXProject;
			attributes = {
				BuildIndependentTargetsInParallel = 1;
				LastSwiftUpdateCheck = 1540;
				LastUpgradeCheck = 1640;
				TargetAttributes = {
					2089F0B32E71A18E00ABF5FA = {
						CreatedOnToolsVersion = 15.4;
					};
					2089F0C32E71A18F00ABF5FA = {
						CreatedOnToolsVersion = 15.4;
						TestTargetID = 2089F0B32E71A18E00ABF5FA;
					};
					2089F0CD2E71A18F00ABF5FA = {
						CreatedOnToolsVersion = 15.4;
						TestTargetID = 2089F0B32E71A18E00ABF5FA;
					};
				};
			};
			buildConfigurationList = 2089F0AF2E71A18E00ABF5FA /* Build configuration list for PBXProject "Steps4" */;
			compatibilityVersion = "Xcode 14.0";
			developmentRegion = en;
			hasScannedForEncodings = 0;
			knownRegions = (
				en,
				Base,
			);
			mainGroup = 2089F0AB2E71A18E00ABF5FA;
			productRefGroup = 2089F0B52E71A18E00ABF5FA /* Products */;
			projectDirPath = "";
			projectRoot = "";
			targets = (
				2089F0B32E71A18E00ABF5FA /* Steps4 */,
				2089F0C32E71A18F00ABF5FA /* Steps4Tests */,
				2089F0CD2E71A18F00ABF5FA /* Steps4UITests */,
			);
		};
/* End PBXProject section */

/* Begin PBXResourcesBuildPhase section */
		2089F0B22E71A18E00ABF5FA /* Resources */ = {
			isa = PBXResourcesBuildPhase;
			buildActionMask = 2147483647;
			files = (
				2089F0BF2E71A18F00ABF5FA /* Preview Assets.xcassets in Resources */,
				2089F0BC2E71A18F00ABF5FA /* Assets.xcassets in Resources */,
			);
			runOnlyForDeploymentPostprocessing = 0;
		};
		2089F0C22E71A18F00ABF5FA /* Resources */ = {
			isa = PBXResourcesBuildPhase;
			buildActionMask = 2147483647;
			files = (
			);
			runOnlyForDeploymentPostprocessing = 0;
		};
		2089F0CC2E71A18F00ABF5FA /* Resources */ = {
			isa = PBXResourcesBuildPhase;
			buildActionMask = 2147483647;
			files = (
			);
			runOnlyForDeploymentPostprocessing = 0;
		};
/* End PBXResourcesBuildPhase section */

/* Begin PBXSourcesBuildPhase section */
		2089F0B02E71A18E00ABF5FA /* Sources */ = {
			isa = PBXSourcesBuildPhase;
			buildActionMask = 2147483647;
			files = (
				209424C22E8593DA00904A0A /* BlockScreen.swift in Sources */,
				209424C42E8593DA00904A0A /* StatusView.swift in Sources */,
				209424BF2E8593DA00904A0A /* StatMiniCard.swift in Sources */,
				2089F0ED2E71AE3400ABF5FA /* FamilyControlsService.swift in Sources */,
				209424C82E85952D00904A0A /* NotificationManager.swift in Sources */,
				209424C02E8593DA00904A0A /* StatusRow.swift in Sources */,
				20B0A3542E8C65E700D5EBE4 /* UserDefaults+StepsTrader.swift in Sources */,
				2089F0EE2E71AE3400ABF5FA /* HealthKitService.swift in Sources */,
				2089F0EB2E71AE3400ABF5FA /* BudgetEngine.swift in Sources */,
				2089F0F02E71AE3400ABF5FA /* StepsTraderApp.swift in Sources */,
				2089F0EF2E71AE3400ABF5FA /* Date+Today.swift in Sources */,
				209424C12E8593DA00904A0A /* TariffOptionView.swift in Sources */,
				20F5A0102FFF020000000001 /* StepBalanceCard.swift in Sources */,
				20F5A0112FFF030000000002 /* Localization.swift in Sources */,
				20B0A3582E8C930700D5EBE4 /* HandoffManager.swift in Sources */,
				20B0A3522E8C658800D5EBE4 /* ShieldConfigurationProvider.swift in Sources */,
				209424C32E8593DA00904A0A /* SettingsView.swift in Sources */,
				20F5A0042FFF000100000004 /* AppsPage.swift in Sources */,
				209424CA2E85952D00904A0A /* DIContainer.swift in Sources */,
				2089F0EC2E71AE3400ABF5FA /* Types.swift in Sources */,
				209424C92E85952D00904A0A /* AppModel.swift in Sources */,
				20F5A0032FFF000100000003 /* AutomationUIModels.swift in Sources */,
				209424AF2E80C52C00904A0A /* AllAppIntents.swift in Sources */,
				20F5A0612FFF040000000007 /* LLMService.swift in Sources */,
			);
			runOnlyForDeploymentPostprocessing = 0;
		};
		2089F0C02E71A18F00ABF5FA /* Sources */ = {
			isa = PBXSourcesBuildPhase;
			buildActionMask = 2147483647;
			files = (
			);
			runOnlyForDeploymentPostprocessing = 0;
		};
		2089F0CA2E71A18F00ABF5FA /* Sources */ = {
			isa = PBXSourcesBuildPhase;
			buildActionMask = 2147483647;
			files = (
			);
			runOnlyForDeploymentPostprocessing = 0;
		};
/* End PBXSourcesBuildPhase section */

/* Begin PBXTargetDependency section */
		2089F0C62E71A18F00ABF5FA /* PBXTargetDependency */ = {
			isa = PBXTargetDependency;
			target = 2089F0B32E71A18E00ABF5FA /* Steps4 */;
			targetProxy = 2089F0C52E71A18F00ABF5FA /* PBXContainerItemProxy */;
		};
		2089F0D02E71A18F00ABF5FA /* PBXTargetDependency */ = {
			isa = PBXTargetDependency;
			target = 2089F0B32E71A18E00ABF5FA /* Steps4 */;
			targetProxy = 2089F0CF2E71A18F00ABF5FA /* PBXContainerItemProxy */;
		};
/* End PBXTargetDependency section */

/* Begin XCBuildConfiguration section */
		2089F0D62E71A18F00ABF5FA /* Debug */ = {
			isa = XCBuildConfiguration;
			buildSettings = {
				ALWAYS_SEARCH_USER_PATHS = NO;
				ASSETCATALOG_COMPILER_GENERATE_SWIFT_ASSET_SYMBOL_EXTENSIONS = YES;
				CLANG_ANALYZER_NONNULL = YES;
				CLANG_ANALYZER_NUMBER_OBJECT_CONVERSION = YES_AGGRESSIVE;
				CLANG_CXX_LANGUAGE_STANDARD = "gnu++20";
				CLANG_ENABLE_MODULES = YES;
				CLANG_ENABLE_OBJC_ARC = YES;
				CLANG_ENABLE_OBJC_WEAK = YES;
				CLANG_WARN_BLOCK_CAPTURE_AUTORELEASING = YES;
				CLANG_WARN_BOOL_CONVERSION = YES;
				CLANG_WARN_COMMA = YES;
				CLANG_WARN_CONSTANT_CONVERSION = YES;
				CLANG_WARN_DEPRECATED_OBJC_IMPLEMENTATIONS = YES;
				CLANG_WARN_DIRECT_OBJC_ISA_USAGE = YES_ERROR;
				CLANG_WARN_DOCUMENTATION_COMMENTS = YES;
				CLANG_WARN_EMPTY_BODY = YES;
				CLANG_WARN_ENUM_CONVERSION = YES;
				CLANG_WARN_INFINITE_RECURSION = YES;
				CLANG_WARN_INT_CONVERSION = YES;
				CLANG_WARN_NON_LITERAL_NULL_CONVERSION = YES;
				CLANG_WARN_OBJC_IMPLICIT_RETAIN_SELF = YES;
				CLANG_WARN_OBJC_LITERAL_CONVERSION = YES;
				CLANG_WARN_OBJC_ROOT_CLASS = YES_ERROR;
				CLANG_WARN_QUOTED_INCLUDE_IN_FRAMEWORK_HEADER = YES;
				CLANG_WARN_RANGE_LOOP_ANALYSIS = YES;
				CLANG_WARN_STRICT_PROTOTYPES = YES;
				CLANG_WARN_SUSPICIOUS_MOVE = YES;
				CLANG_WARN_UNGUARDED_AVAILABILITY = YES_AGGRESSIVE;
				CLANG_WARN_UNREACHABLE_CODE = YES;
				CLANG_WARN__DUPLICATE_METHOD_MATCH = YES;
				COPY_PHASE_STRIP = NO;
				DEBUG_INFORMATION_FORMAT = dwarf;
				DEVELOPMENT_TEAM = 39V44D64DY;
				ENABLE_STRICT_OBJC_MSGSEND = YES;
				ENABLE_TESTABILITY = YES;
				ENABLE_USER_SCRIPT_SANDBOXING = YES;
				GCC_C_LANGUAGE_STANDARD = gnu17;
				GCC_DYNAMIC_NO_PIC = NO;
				GCC_NO_COMMON_BLOCKS = YES;
				GCC_OPTIMIZATION_LEVEL = 0;
				GCC_PREPROCESSOR_DEFINITIONS = (
					"DEBUG=1",
					"$(inherited)",
				);
				GCC_WARN_64_TO_32_BIT_CONVERSION = YES;
				GCC_WARN_ABOUT_RETURN_TYPE = YES_ERROR;
				GCC_WARN_UNDECLARED_SELECTOR = YES;
				GCC_WARN_UNINITIALIZED_AUTOS = YES_AGGRESSIVE;
				GCC_WARN_UNUSED_FUNCTION = YES;
				GCC_WARN_UNUSED_VARIABLE = YES;
				IPHONEOS_DEPLOYMENT_TARGET = 17.5;
				LOCALIZATION_PREFERS_STRING_CATALOGS = YES;
				MTL_ENABLE_DEBUG_INFO = INCLUDE_SOURCE;
				MTL_FAST_MATH = YES;
				ONLY_ACTIVE_ARCH = YES;
				SDKROOT = iphoneos;
				SWIFT_ACTIVE_COMPILATION_CONDITIONS = "DEBUG $(inherited)";
				SWIFT_OPTIMIZATION_LEVEL = "-Onone";
			};
			name = Debug;
		};
		2089F0D72E71A18F00ABF5FA /* Release */ = {
			isa = XCBuildConfiguration;
			buildSettings = {
				ALWAYS_SEARCH_USER_PATHS = NO;
				ASSETCATALOG_COMPILER_GENERATE_SWIFT_ASSET_SYMBOL_EXTENSIONS = YES;
				CLANG_ANALYZER_NONNULL = YES;
				CLANG_ANALYZER_NUMBER_OBJECT_CONVERSION = YES_AGGRESSIVE;
				CLANG_CXX_LANGUAGE_STANDARD = "gnu++20";
				CLANG_ENABLE_MODULES = YES;
				CLANG_ENABLE_OBJC_ARC = YES;
				CLANG_ENABLE_OBJC_WEAK = YES;
				CLANG_WARN_BLOCK_CAPTURE_AUTORELEASING = YES;
				CLANG_WARN_BOOL_CONVERSION = YES;
				CLANG_WARN_COMMA = YES;
				CLANG_WARN_CONSTANT_CONVERSION = YES;
				CLANG_WARN_DEPRECATED_OBJC_IMPLEMENTATIONS = YES;
				CLANG_WARN_DIRECT_OBJC_ISA_USAGE = YES_ERROR;
				CLANG_WARN_DOCUMENTATION_COMMENTS = YES;
				CLANG_WARN_EMPTY_BODY = YES;
				CLANG_WARN_ENUM_CONVERSION = YES;
				CLANG_WARN_INFINITE_RECURSION = YES;
				CLANG_WARN_INT_CONVERSION = YES;
				CLANG_WARN_NON_LITERAL_NULL_CONVERSION = YES;
				CLANG_WARN_OBJC_IMPLICIT_RETAIN_SELF = YES;
				CLANG_WARN_OBJC_LITERAL_CONVERSION = YES;
				CLANG_WARN_OBJC_ROOT_CLASS = YES_ERROR;
				CLANG_WARN_QUOTED_INCLUDE_IN_FRAMEWORK_HEADER = YES;
				CLANG_WARN_RANGE_LOOP_ANALYSIS = YES;
				CLANG_WARN_STRICT_PROTOTYPES = YES;
				CLANG_WARN_SUSPICIOUS_MOVE = YES;
				CLANG_WARN_UNGUARDED_AVAILABILITY = YES_AGGRESSIVE;
				CLANG_WARN_UNREACHABLE_CODE = YES;
				CLANG_WARN__DUPLICATE_METHOD_MATCH = YES;
				COPY_PHASE_STRIP = NO;
				DEBUG_INFORMATION_FORMAT = "dwarf-with-dsym";
				DEVELOPMENT_TEAM = 39V44D64DY;
				ENABLE_NS_ASSERTIONS = NO;
				ENABLE_STRICT_OBJC_MSGSEND = YES;
				ENABLE_USER_SCRIPT_SANDBOXING = YES;
				GCC_C_LANGUAGE_STANDARD = gnu17;
				GCC_NO_COMMON_BLOCKS = YES;
				GCC_WARN_64_TO_32_BIT_CONVERSION = YES;
				GCC_WARN_ABOUT_RETURN_TYPE = YES_ERROR;
				GCC_WARN_UNDECLARED_SELECTOR = YES;
				GCC_WARN_UNINITIALIZED_AUTOS = YES_AGGRESSIVE;
				GCC_WARN_UNUSED_FUNCTION = YES;
				GCC_WARN_UNUSED_VARIABLE = YES;
				IPHONEOS_DEPLOYMENT_TARGET = 17.5;
				LOCALIZATION_PREFERS_STRING_CATALOGS = YES;
				MTL_ENABLE_DEBUG_INFO = NO;
				MTL_FAST_MATH = YES;
				SDKROOT = iphoneos;
				SWIFT_COMPILATION_MODE = wholemodule;
				VALIDATE_PRODUCT = YES;
			};
			name = Release;
		};
		2089F0D92E71A18F00ABF5FA /* Debug */ = {
			isa = XCBuildConfiguration;
			buildSettings = {
				ASSETCATALOG_COMPILER_APPICON_NAME = AppIcon;
				ASSETCATALOG_COMPILER_GLOBAL_ACCENT_COLOR_NAME = AccentColor;
				CODE_SIGN_ENTITLEMENTS = Steps4/Steps4.entitlements;
				CODE_SIGN_STYLE = Automatic;
				CURRENT_PROJECT_VERSION = 1;
				DEVELOPMENT_ASSET_PATHS = "\"Steps4/Preview Content\" \"StepsTrader/Preview Content\"";
				ENABLE_PREVIEWS = YES;
				GENERATE_INFOPLIST_FILE = YES;
				INFOPLIST_FILE = Steps4/Info.plist;
				INFOPLIST_KEY_NSHealthShareUsageDescription = "Steps Trader needs access to your step count to manage app time.";
				INFOPLIST_KEY_UIApplicationSceneManifest_Generation = YES;
				INFOPLIST_KEY_UIApplicationSupportsIndirectInputEvents = YES;
				INFOPLIST_KEY_UILaunchScreen_Generation = YES;
				INFOPLIST_KEY_UISupportedInterfaceOrientations_iPad = "UIInterfaceOrientationPortrait UIInterfaceOrientationPortraitUpsideDown UIInterfaceOrientationLandscapeLeft UIInterfaceOrientationLandscapeRight";
				INFOPLIST_KEY_UISupportedInterfaceOrientations_iPhone = "UIInterfaceOrientationPortrait UIInterfaceOrientationLandscapeLeft UIInterfaceOrientationLandscapeRight";
				LD_RUNPATH_SEARCH_PATHS = (
					"$(inherited)",
					"@executable_path/Frameworks",
				);
				MARKETING_VERSION = 1.0;
				PRODUCT_BUNDLE_IDENTIFIER = "personal-project.StepsTrader";
				PRODUCT_NAME = "Steps Trader";
				SWIFT_EMIT_LOC_STRINGS = YES;
				SWIFT_VERSION = 5.0;
				TARGETED_DEVICE_FAMILY = "1,2";
			};
			name = Debug;
		};
		2089F0DA2E71A18F00ABF5FA /* Release */ = {
			isa = XCBuildConfiguration;
			buildSettings = {
				ASSETCATALOG_COMPILER_APPICON_NAME = AppIcon;
				ASSETCATALOG_COMPILER_GLOBAL_ACCENT_COLOR_NAME = AccentColor;
				CODE_SIGN_ENTITLEMENTS = Steps4/Steps4.entitlements;
				CODE_SIGN_STYLE = Automatic;
				CURRENT_PROJECT_VERSION = 1;
				DEVELOPMENT_ASSET_PATHS = "\"Steps4/Preview Content\" \"StepsTrader/Preview Content\"";
				ENABLE_PREVIEWS = YES;
				GENERATE_INFOPLIST_FILE = YES;
				INFOPLIST_FILE = Steps4/Info.plist;
				INFOPLIST_KEY_NSHealthShareUsageDescription = "Steps Trader needs access to your step count to manage app time.";
				INFOPLIST_KEY_UIApplicationSceneManifest_Generation = YES;
				INFOPLIST_KEY_UIApplicationSupportsIndirectInputEvents = YES;
				INFOPLIST_KEY_UILaunchScreen_Generation = YES;
				INFOPLIST_KEY_UISupportedInterfaceOrientations_iPad = "UIInterfaceOrientationPortrait UIInterfaceOrientationPortraitUpsideDown UIInterfaceOrientationLandscapeLeft UIInterfaceOrientationLandscapeRight";
				INFOPLIST_KEY_UISupportedInterfaceOrientations_iPhone = "UIInterfaceOrientationPortrait UIInterfaceOrientationLandscapeLeft UIInterfaceOrientationLandscapeRight";
				LD_RUNPATH_SEARCH_PATHS = (
					"$(inherited)",
					"@executable_path/Frameworks",
				);
				MARKETING_VERSION = 1.0;
				PRODUCT_BUNDLE_IDENTIFIER = "personal-project.StepsTrader";
				PRODUCT_NAME = "Steps Trader";
				SWIFT_EMIT_LOC_STRINGS = YES;
				SWIFT_VERSION = 5.0;
				TARGETED_DEVICE_FAMILY = "1,2";
			};
			name = Release;
		};
		2089F0DC2E71A18F00ABF5FA /* Debug */ = {
			isa = XCBuildConfiguration;
			buildSettings = {
				BUNDLE_LOADER = "$(TEST_HOST)";
				CODE_SIGN_STYLE = Automatic;
				CURRENT_PROJECT_VERSION = 1;
				GENERATE_INFOPLIST_FILE = YES;
				IPHONEOS_DEPLOYMENT_TARGET = 17.5;
				MARKETING_VERSION = 1.0;
				PRODUCT_BUNDLE_IDENTIFIER = "personal-project.Steps4Tests";
				PRODUCT_NAME = "Steps Trader";
				SWIFT_EMIT_LOC_STRINGS = NO;
				SWIFT_VERSION = 5.0;
				TARGETED_DEVICE_FAMILY = "1,2";
				TEST_HOST = "$(BUILT_PRODUCTS_DIR)/Steps4.app/$(BUNDLE_EXECUTABLE_FOLDER_PATH)/Steps4";
			};
			name = Debug;
		};
		2089F0DD2E71A18F00ABF5FA /* Release */ = {
			isa = XCBuildConfiguration;
			buildSettings = {
				BUNDLE_LOADER = "$(TEST_HOST)";
				CODE_SIGN_STYLE = Automatic;
				CURRENT_PROJECT_VERSION = 1;
				GENERATE_INFOPLIST_FILE = YES;
				IPHONEOS_DEPLOYMENT_TARGET = 17.5;
				MARKETING_VERSION = 1.0;
				PRODUCT_BUNDLE_IDENTIFIER = "personal-project.Steps4Tests";
				PRODUCT_NAME = "Steps Trader";
				SWIFT_EMIT_LOC_STRINGS = NO;
				SWIFT_VERSION = 5.0;
				TARGETED_DEVICE_FAMILY = "1,2";
				TEST_HOST = "$(BUILT_PRODUCTS_DIR)/Steps4.app/$(BUNDLE_EXECUTABLE_FOLDER_PATH)/Steps4";
			};
			name = Release;
		};
		2089F0DF2E71A18F00ABF5FA /* Debug */ = {
			isa = XCBuildConfiguration;
			buildSettings = {
				CODE_SIGN_STYLE = Automatic;
				CURRENT_PROJECT_VERSION = 1;
				GENERATE_INFOPLIST_FILE = YES;
				MARKETING_VERSION = 1.0;
				PRODUCT_BUNDLE_IDENTIFIER = "personal-project.Steps4UITests";
				PRODUCT_NAME = "Steps Trader";
				SWIFT_EMIT_LOC_STRINGS = NO;
				SWIFT_VERSION = 5.0;
				TARGETED_DEVICE_FAMILY = "1,2";
				TEST_TARGET_NAME = Steps4;
			};
			name = Debug;
		};
		2089F0E02E71A18F00ABF5FA /* Release */ = {
			isa = XCBuildConfiguration;
			buildSettings = {
				CODE_SIGN_STYLE = Automatic;
				CURRENT_PROJECT_VERSION = 1;
				GENERATE_INFOPLIST_FILE = YES;
				MARKETING_VERSION = 1.0;
				PRODUCT_BUNDLE_IDENTIFIER = "personal-project.Steps4UITests";
				PRODUCT_NAME = "Steps Trader";
				SWIFT_EMIT_LOC_STRINGS = NO;
				SWIFT_VERSION = 5.0;
				TARGETED_DEVICE_FAMILY = "1,2";
				TEST_TARGET_NAME = Steps4;
			};
			name = Release;
		};
/* End XCBuildConfiguration section */

/* Begin XCConfigurationList section */
		2089F0AF2E71A18E00ABF5FA /* Build configuration list for PBXProject "Steps4" */ = {
			isa = XCConfigurationList;
			buildConfigurations = (
				2089F0D62E71A18F00ABF5FA /* Debug */,
				2089F0D72E71A18F00ABF5FA /* Release */,
			);
			defaultConfigurationIsVisible = 0;
			defaultConfigurationName = Release;
		};
		2089F0D82E71A18F00ABF5FA /* Build configuration list for PBXNativeTarget "Steps4" */ = {
			isa = XCConfigurationList;
			buildConfigurations = (
				2089F0D92E71A18F00ABF5FA /* Debug */,
				2089F0DA2E71A18F00ABF5FA /* Release */,
			);
			defaultConfigurationIsVisible = 0;
			defaultConfigurationName = Release;
		};
		2089F0DB2E71A18F00ABF5FA /* Build configuration list for PBXNativeTarget "Steps4Tests" */ = {
			isa = XCConfigurationList;
			buildConfigurations = (
				2089F0DC2E71A18F00ABF5FA /* Debug */,
				2089F0DD2E71A18F00ABF5FA /* Release */,
			);
			defaultConfigurationIsVisible = 0;
			defaultConfigurationName = Release;
		};
		2089F0DE2E71A18F00ABF5FA /* Build configuration list for PBXNativeTarget "Steps4UITests" */ = {
			isa = XCConfigurationList;
			buildConfigurations = (
				2089F0DF2E71A18F00ABF5FA /* Debug */,
				2089F0E02E71A18F00ABF5FA /* Release */,
			);
			defaultConfigurationIsVisible = 0;
			defaultConfigurationName = Release;
		};
/* End XCConfigurationList section */
	};
	rootObject = 2089F0AC2E71A18E00ABF5FA /* Project object */;
}
