// !$*UTF8*$!
{
	archiveVersion = 1;
	classes = {
	};
	objectVersion = 56;
	objects = {

/* Begin PBXBuildFile section */
		2089F0B82E71A18E00ABF5FA /* Steps4App.swift in Sources */ = {isa = PBXBuildFile; fileRef = 2089F0B72E71A18E00ABF5FA /* Steps4App.swift */; };
		2089F0BA2E71A18E00ABF5FA /* ContentView.swift in Sources */ = {isa = PBXBuildFile; fileRef = 2089F0B92E71A18E00ABF5FA /* ContentView.swift */; };
		2089F0BC2E71A18F00ABF5FA /* Assets.xcassets in Resources */ = {isa = PBXBuildFile; fileRef = 2089F0BB2E71A18F00ABF5FA /* Assets.xcassets */; };
		2089F0BF2E71A18F00ABF5FA /* Preview Assets.xcassets in Resources */ = {isa = PBXBuildFile; fileRef = 2089F0BE2E71A18F00ABF5FA /* Preview Assets.xcassets */; };
		2089F0C92E71A18F00ABF5FA /* Steps4Tests.swift in Sources */ = {isa = PBXBuildFile; fileRef = 2089F0C82E71A18F00ABF5FA /* Steps4Tests.swift */; };
		2089F0D32E71A18F00ABF5FA /* Steps4UITests.swift in Sources */ = {isa = PBXBuildFile; fileRef = 2089F0D22E71A18F00ABF5FA /* Steps4UITests.swift */; };
		2089F0D52E71A18F00ABF5FA /* Steps4UITestsLaunchTests.swift in Sources */ = {isa = PBXBuildFile; fileRef = 2089F0D42E71A18F00ABF5FA /* Steps4UITestsLaunchTests.swift */; };
/* End PBXBuildFile section */

/* Begin PBXContainerItemProxy section */
		2089F0C52E71A18F00ABF5FA /* PBXContainerItemProxy */ = {
			isa = PBXContainerItemProxy;
			containerPortal = 2089F0AC2E71A18E00ABF5FA /* Project object */;
			proxyType = 1;
			remoteGlobalIDString = 2089F0B32E71A18E00ABF5FA;
			remoteInfo = Steps4;
		};
		2089F0CF2E71A18F00ABF5FA /* PBXContainerItemProxy */ = {
			isa = PBXContainerItemProxy;
			containerPortal = 2089F0AC2E71A18E00ABF5FA /* Project object */;
			proxyType = 1;
			remoteGlobalIDString = 2089F0B32E71A18E00ABF5FA;
			remoteInfo = Steps4;
		};
/* End PBXContainerItemProxy section */

/* Begin PBXFileReference section */
		2089F0B42E71A18E00ABF5FA /* Steps4.app */ = {isa = PBXFileReference; explicitFileType = wrapper.application; includeInIndex = 0; path = Steps4.app; sourceTree = BUILT_PRODUCTS_DIR; };
		2089F0B72E71A18E00ABF5FA /* Steps4App.swift */ = {isa = PBXFileReference; lastKnownFileType = sourcecode.swift; path = Steps4App.swift; sourceTree = "<group>"; };
		2089F0B92E71A18E00ABF5FA /* ContentView.swift */ = {isa = PBXFileReference; lastKnownFileType = sourcecode.swift; path = ContentView.swift; sourceTree = "<group>"; };
		2089F0BB2E71A18F00ABF5FA /* Assets.xcassets */ = {isa = PBXFileReference; lastKnownFileType = folder.assetcatalog; path = Assets.xcassets; sourceTree = "<group>"; };
		2089F0BE2E71A18F00ABF5FA /* Preview Assets.xcassets */ = {isa = PBXFileReference; lastKnownFileType = folder.assetcatalog; path = "Preview Assets.xcassets"; sourceTree = "<group>"; };
		2089F0C42E71A18F00ABF5FA /* Steps4Tests.xctest */ = {isa = PBXFileReference; explicitFileType = wrapper.cfbundle; includeInIndex = 0; path = Steps4Tests.xctest; sourceTree = BUILT_PRODUCTS_DIR; };
		2089F0C82E71A18F00ABF5FA /* Steps4Tests.swift */ = {isa = PBXFileReference; lastKnownFileType = sourcecode.swift; path = Steps4Tests.swift; sourceTree = "<group>"; };
		2089F0CE2E71A18F00ABF5FA /* Steps4UITests.xctest */ = {isa = PBXFileReference; explicitFileType = wrapper.cfbundle; includeInIndex = 0; path = Steps4UITests.xctest; sourceTree = BUILT_PRODUCTS_DIR; };
		2089F0D22E71A18F00ABF5FA /* Steps4UITests.swift */ = {isa = PBXFileReference; lastKnownFileType = sourcecode.swift; path = Steps4UITests.swift; sourceTree = "<group>"; };
		2089F0D42E71A18F00ABF5FA /* Steps4UITestsLaunchTests.swift */ = {isa = PBXFileReference; lastKnownFileType = sourcecode.swift; path = Steps4UITestsLaunchTests.swift; sourceTree = "<group>"; };
/* End PBXFileReference section */

/* Begin PBXFrameworksBuildPhase section */
		2089F0B12E71A18E00ABF5FA /* Frameworks */ = {
			isa = PBXFrameworksBuildPhase;
			buildActionMask = 2147483647;
			files = (
			);
			runOnlyForDeploymentPostprocessing = 0;
		};
		2089F0C12E71A18F00ABF5FA /* Frameworks */ = {
			isa = PBXFrameworksBuildPhase;
			buildActionMask = 2147483647;
			files = (
			);
			runOnlyForDeploymentPostprocessing = 0;
		};
		2089F0CB2E71A18F00ABF5FA /* Frameworks */ = {
			isa = PBXFrameworksBuildPhase;
			buildActionMask = 2147483647;
			files = (
			);
			runOnlyForDeploymentPostprocessing = 0;
		};
/* End PBXFrameworksBuildPhase section */

/* Begin PBXGroup section */
		2089F0AB2E71A18E00ABF5FA = {
			isa = PBXGroup;
			children = (
				2089F0B62E71A18E00ABF5FA /* Steps4 */,
				2089F0C72E71A18F00ABF5FA /* Steps4Tests */,
				2089F0D12E71A18F00ABF5FA /* Steps4UITests */,
				2089F0B52E71A18E00ABF5FA /* Products */,
			);
			sourceTree = "<group>";
		};
		2089F0B52E71A18E00ABF5FA /* Products */ = {
			isa = PBXGroup;
			children = (
				2089F0B42E71A18E00ABF5FA /* Steps4.app */,
				2089F0C42E71A18F00ABF5FA /* Steps4Tests.xctest */,
				2089F0CE2E71A18F00ABF5FA /* Steps4UITests.xctest */,
			);
			name = Products;
			sourceTree = "<group>";
		};
		2089F0B62E71A18E00ABF5FA /* Steps4 */ = {
			isa = PBXGroup;
			children = (
				2089F0B72E71A18E00ABF5FA /* Steps4App.swift */,
				2089F0B92E71A18E00ABF5FA /* ContentView.swift */,
				2089F0BB2E71A18F00ABF5FA /* Assets.xcassets */,
				2089F0BD2E71A18F00ABF5FA /* Preview Content */,
			);
			path = Steps4;
			sourceTree = "<group>";
		};
		2089F0BD2E71A18F00ABF5FA /* Preview Content */ = {
			isa = PBXGroup;
			children = (
				2089F0BE2E71A18F00ABF5FA /* Preview Assets.xcassets */,
			);
			path = "Preview Content";
			sourceTree = "<group>";
		};
		2089F0C72E71A18F00ABF5FA /* Steps4Tests */ = {
			isa = PBXGroup;
			children = (
				2089F0C82E71A18F00ABF5FA /* Steps4Tests.swift */,
			);
			path = Steps4Tests;
			sourceTree = "<group>";
		};
		2089F0D12E71A18F00ABF5FA /* Steps4UITests */ = {
			isa = PBXGroup;
			children = (
				2089F0D22E71A18F00ABF5FA /* Steps4UITests.swift */,
				2089F0D42E71A18F00ABF5FA /* Steps4UITestsLaunchTests.swift */,
			);
			path = Steps4UITests;
			sourceTree = "<group>";
		};
/* End PBXGroup section */

/* Begin PBXNativeTarget section */
		2089F0B32E71A18E00ABF5FA /* Steps4 */ = {
			isa = PBXNativeTarget;
			buildConfigurationList = 2089F0D82E71A18F00ABF5FA /* Build configuration list for PBXNativeTarget "Steps4" */;
			buildPhases = (
				2089F0B02E71A18E00ABF5FA /* Sources */,
				2089F0B12E71A18E00ABF5FA /* Frameworks */,
				2089F0B22E71A18E00ABF5FA /* Resources */,
			);
			buildRules = (
			);
			dependencies = (
			);
			name = Steps4;
			productName = Steps4;
			productReference = 2089F0B42E71A18E00ABF5FA /* Steps4.app */;
			productType = "com.apple.product-type.application";
		};
		2089F0C32E71A18F00ABF5FA /* Steps4Tests */ = {
			isa = PBXNativeTarget;
			buildConfigurationList = 2089F0DB2E71A18F00ABF5FA /* Build configuration list for PBXNativeTarget "Steps4Tests" */;
			buildPhases = (
				2089F0C02E71A18F00ABF5FA /* Sources */,
				2089F0C12E71A18F00ABF5FA /* Frameworks */,
				2089F0C22E71A18F00ABF5FA /* Resources */,
			);
			buildRules = (
			);
			dependencies = (
				2089F0C62E71A18F00ABF5FA /* PBXTargetDependency */,
			);
			name = Steps4Tests;
			productName = Steps4Tests;
			productReference = 2089F0C42E71A18F00ABF5FA /* Steps4Tests.xctest */;
			productType = "com.apple.product-type.bundle.unit-test";
		};
		2089F0CD2E71A18F00ABF5FA /* Steps4UITests */ = {
			isa = PBXNativeTarget;
			buildConfigurationList = 2089F0DE2E71A18F00ABF5FA /* Build configuration list for PBXNativeTarget "Steps4UITests" */;
			buildPhases = (
				2089F0CA2E71A18F00ABF5FA /* Sources */,
				2089F0CB2E71A18F00ABF5FA /* Frameworks */,
				2089F0CC2E71A18F00ABF5FA /* Resources */,
			);
			buildRules = (
			);
			dependencies = (
				2089F0D02E71A18F00ABF5FA /* PBXTargetDependency */,
			);
			name = Steps4UITests;
			productName = Steps4UITests;
			productReference = 2089F0CE2E71A18F00ABF5FA /* Steps4UITests.xctest */;
			productType = "com.apple.product-type.bundle.ui-testing";
		};
/* End PBXNativeTarget section */

/* Begin PBXProject section */
		2089F0AC2E71A18E00ABF5FA /* Project object */ = {
			isa = PBXProject;
			attributes = {
				BuildIndependentTargetsInParallel = 1;
				LastSwiftUpdateCheck = 1540;
				LastUpgradeCheck = 1540;
				TargetAttributes = {
					2089F0B32E71A18E00ABF5FA = {
						CreatedOnToolsVersion = 15.4;
					};
					2089F0C32E71A18F00ABF5FA = {
						CreatedOnToolsVersion = 15.4;
						TestTargetID = 2089F0B32E71A18E00ABF5FA;
					};
					2089F0CD2E71A18F00ABF5FA = {
						CreatedOnToolsVersion = 15.4;
						TestTargetID = 2089F0B32E71A18E00ABF5FA;
					};
				};
			};
			buildConfigurationList = 2089F0AF2E71A18E00ABF5FA /* Build configuration list for PBXProject "Steps4" */;
			compatibilityVersion = "Xcode 14.0";
			developmentRegion = en;
			hasScannedForEncodings = 0;
			knownRegions = (
				en,
				Base,
			);
			mainGroup = 2089F0AB2E71A18E00ABF5FA;
			productRefGroup = 2089F0B52E71A18E00ABF5FA /* Products */;
			projectDirPath = "";
			projectRoot = "";
			targets = (
				2089F0B32E71A18E00ABF5FA /* Steps4 */,
				2089F0C32E71A18F00ABF5FA /* Steps4Tests */,
				2089F0CD2E71A18F00ABF5FA /* Steps4UITests */,
			);
		};
/* End PBXProject section */

/* Begin PBXResourcesBuildPhase section */
		2089F0B22E71A18E00ABF5FA /* Resources */ = {
			isa = PBXResourcesBuildPhase;
			buildActionMask = 2147483647;
			files = (
				2089F0BF2E71A18F00ABF5FA /* Preview Assets.xcassets in Resources */,
				2089F0BC2E71A18F00ABF5FA /* Assets.xcassets in Resources */,
			);
			runOnlyForDeploymentPostprocessing = 0;
		};
		2089F0C22E71A18F00ABF5FA /* Resources */ = {
			isa = PBXResourcesBuildPhase;
			buildActionMask = 2147483647;
			files = (
			);
			runOnlyForDeploymentPostprocessing = 0;
		};
		2089F0CC2E71A18F00ABF5FA /* Resources */ = {
			isa = PBXResourcesBuildPhase;
			buildActionMask = 2147483647;
			files = (
			);
			runOnlyForDeploymentPostprocessing = 0;
		};
/* End PBXResourcesBuildPhase section */

/* Begin PBXSourcesBuildPhase section */
		2089F0B02E71A18E00ABF5FA /* Sources */ = {
			isa = PBXSourcesBuildPhase;
			buildActionMask = 2147483647;
			files = (
				2089F0BA2E71A18E00ABF5FA /* ContentView.swift in Sources */,
				2089F0B82E71A18E00ABF5FA /* Steps4App.swift in Sources */,
			);
			runOnlyForDeploymentPostprocessing = 0;
		};
		2089F0C02E71A18F00ABF5FA /* Sources */ = {
			isa = PBXSourcesBuildPhase;
			buildActionMask = 2147483647;
			files = (
				2089F0C92E71A18F00ABF5FA /* Steps4Tests.swift in Sources */,
			);
			runOnlyForDeploymentPostprocessing = 0;
		};
		2089F0CA2E71A18F00ABF5FA /* Sources */ = {
			isa = PBXSourcesBuildPhase;
			buildActionMask = 2147483647;
			files = (
				2089F0D32E71A18F00ABF5FA /* Steps4UITests.swift in Sources */,
				2089F0D52E71A18F00ABF5FA /* Steps4UITestsLaunchTests.swift in Sources */,
			);
			runOnlyForDeploymentPostprocessing = 0;
		};
/* End PBXSourcesBuildPhase section */

/* Begin PBXTargetDependency section */
		2089F0C62E71A18F00ABF5FA /* PBXTargetDependency */ = {
			isa = PBXTargetDependency;
			target = 2089F0B32E71A18E00ABF5FA /* Steps4 */;
			targetProxy = 2089F0C52E71A18F00ABF5FA /* PBXContainerItemProxy */;
		};
		2089F0D02E71A18F00ABF5FA /* PBXTargetDependency */ = {
			isa = PBXTargetDependency;
			target = 2089F0B32E71A18E00ABF5FA /* Steps4 */;
			targetProxy = 2089F0CF2E71A18F00ABF5FA /* PBXContainerItemProxy */;
		};
/* End PBXTargetDependency section */

/* Begin XCBuildConfiguration section */
		2089F0D62E71A18F00ABF5FA /* Debug */ = {
			isa = XCBuildConfiguration;
			buildSettings = {
				ALWAYS_SEARCH_USER_PATHS = NO;
				ASSETCATALOG_COMPILER_GENERATE_SWIFT_ASSET_SYMBOL_EXTENSIONS = YES;
				CLANG_ANALYZER_NONNULL = YES;
				CLANG_ANALYZER_NUMBER_OBJECT_CONVERSION = YES_AGGRESSIVE;
				CLANG_CXX_LANGUAGE_STANDARD = "gnu++20";
				CLANG_ENABLE_MODULES = YES;
				CLANG_ENABLE_OBJC_ARC = YES;
				CLANG_ENABLE_OBJC_WEAK = YES;
				CLANG_WARN_BLOCK_CAPTURE_AUTORELEASING = YES;
				CLANG_WARN_BOOL_CONVERSION = YES;
				CLANG_WARN_COMMA = YES;
				CLANG_WARN_CONSTANT_CONVERSION = YES;
				CLANG_WARN_DEPRECATED_OBJC_IMPLEMENTATIONS = YES;
				CLANG_WARN_DIRECT_OBJC_ISA_USAGE = YES_ERROR;
				CLANG_WARN_DOCUMENTATION_COMMENTS = YES;
				CLANG_WARN_EMPTY_BODY = YES;
				CLANG_WARN_ENUM_CONVERSION = YES;
				CLANG_WARN_INFINITE_RECURSION = YES;
				CLANG_WARN_INT_CONVERSION = YES;
				CLANG_WARN_NON_LITERAL_NULL_CONVERSION = YES;
				CLANG_WARN_OBJC_IMPLICIT_RETAIN_SELF = YES;
				CLANG_WARN_OBJC_LITERAL_CONVERSION = YES;
				CLANG_WARN_OBJC_ROOT_CLASS = YES_ERROR;
				CLANG_WARN_QUOTED_INCLUDE_IN_FRAMEWORK_HEADER = YES;
				CLANG_WARN_RANGE_LOOP_ANALYSIS = YES;
				CLANG_WARN_STRICT_PROTOTYPES = YES;
				CLANG_WARN_SUSPICIOUS_MOVE = YES;
				CLANG_WARN_UNGUARDED_AVAILABILITY = YES_AGGRESSIVE;
				CLANG_WARN_UNREACHABLE_CODE = YES;
				CLANG_WARN__DUPLICATE_METHOD_MATCH = YES;
				COPY_PHASE_STRIP = NO;
				DEBUG_INFORMATION_FORMAT = dwarf;
				ENABLE_STRICT_OBJC_MSGSEND = YES;
				ENABLE_TESTABILITY = YES;
				ENABLE_USER_SCRIPT_SANDBOXING = YES;
				GCC_C_LANGUAGE_STANDARD = gnu17;
				GCC_DYNAMIC_NO_PIC = NO;
				GCC_NO_COMMON_BLOCKS = YES;
				GCC_OPTIMIZATION_LEVEL = 0;
				GCC_PREPROCESSOR_DEFINITIONS = (
					"DEBUG=1",
					"$(inherited)",
				);
				GCC_WARN_64_TO_32_BIT_CONVERSION = YES;
				GCC_WARN_ABOUT_RETURN_TYPE = YES_ERROR;
				GCC_WARN_UNDECLARED_SELECTOR = YES;
				GCC_WARN_UNINITIALIZED_AUTOS = YES_AGGRESSIVE;
				GCC_WARN_UNUSED_FUNCTION = YES;
				GCC_WARN_UNUSED_VARIABLE = YES;
				IPHONEOS_DEPLOYMENT_TARGET = 17.5;
				LOCALIZATION_PREFERS_STRING_CATALOGS = YES;
				MTL_ENABLE_DEBUG_INFO = INCLUDE_SOURCE;
				MTL_FAST_MATH = YES;
				ONLY_ACTIVE_ARCH = YES;
				SDKROOT = iphoneos;
				SWIFT_ACTIVE_COMPILATION_CONDITIONS = "DEBUG $(inherited)";
				SWIFT_OPTIMIZATION_LEVEL = "-Onone";
			};
			name = Debug;
		};
		2089F0D72E71A18F00ABF5FA /* Release */ = {
			isa = XCBuildConfiguration;
			buildSettings = {
				ALWAYS_SEARCH_USER_PATHS = NO;
				ASSETCATALOG_COMPILER_GENERATE_SWIFT_ASSET_SYMBOL_EXTENSIONS = YES;
				CLANG_ANALYZER_NONNULL = YES;
				CLANG_ANALYZER_NUMBER_OBJECT_CONVERSION = YES_AGGRESSIVE;
				CLANG_CXX_LANGUAGE_STANDARD = "gnu++20";
				CLANG_ENABLE_MODULES = YES;
				CLANG_ENABLE_OBJC_ARC = YES;
				CLANG_ENABLE_OBJC_WEAK = YES;
				CLANG_WARN_BLOCK_CAPTURE_AUTORELEASING = YES;
				CLANG_WARN_BOOL_CONVERSION = YES;
				CLANG_WARN_COMMA = YES;
				CLANG_WARN_CONSTANT_CONVERSION = YES;
				CLANG_WARN_DEPRECATED_OBJC_IMPLEMENTATIONS = YES;
				CLANG_WARN_DIRECT_OBJC_ISA_USAGE = YES_ERROR;
				CLANG_WARN_DOCUMENTATION_COMMENTS = YES;
				CLANG_WARN_EMPTY_BODY = YES;
				CLANG_WARN_ENUM_CONVERSION = YES;
				CLANG_WARN_INFINITE_RECURSION = YES;
				CLANG_WARN_INT_CONVERSION = YES;
				CLANG_WARN_NON_LITERAL_NULL_CONVERSION = YES;
				CLANG_WARN_OBJC_IMPLICIT_RETAIN_SELF = YES;
				CLANG_WARN_OBJC_LITERAL_CONVERSION = YES;
				CLANG_WARN_OBJC_ROOT_CLASS = YES_ERROR;
				CLANG_WARN_QUOTED_INCLUDE_IN_FRAMEWORK_HEADER = YES;
				CLANG_WARN_RANGE_LOOP_ANALYSIS = YES;
				CLANG_WARN_STRICT_PROTOTYPES = YES;
				CLANG_WARN_SUSPICIOUS_MOVE = YES;
				CLANG_WARN_UNGUARDED_AVAILABILITY = YES_AGGRESSIVE;
				CLANG_WARN_UNREACHABLE_CODE = YES;
				CLANG_WARN__DUPLICATE_METHOD_MATCH = YES;
				COPY_PHASE_STRIP = NO;
				DEBUG_INFORMATION_FORMAT = "dwarf-with-dsym";
				ENABLE_NS_ASSERTIONS = NO;
				ENABLE_STRICT_OBJC_MSGSEND = YES;
				ENABLE_USER_SCRIPT_SANDBOXING = YES;
				GCC_C_LANGUAGE_STANDARD = gnu17;
				GCC_NO_COMMON_BLOCKS = YES;
				GCC_WARN_64_TO_32_BIT_CONVERSION = YES;
				GCC_WARN_ABOUT_RETURN_TYPE = YES_ERROR;
				GCC_WARN_UNDECLARED_SELECTOR = YES;
				GCC_WARN_UNINITIALIZED_AUTOS = YES_AGGRESSIVE;
				GCC_WARN_UNUSED_FUNCTION = YES;
				GCC_WARN_UNUSED_VARIABLE = YES;
				IPHONEOS_DEPLOYMENT_TARGET = 17.5;
				LOCALIZATION_PREFERS_STRING_CATALOGS = YES;
				MTL_ENABLE_DEBUG_INFO = NO;
				MTL_FAST_MATH = YES;
				SDKROOT = iphoneos;
				SWIFT_COMPILATION_MODE = wholemodule;
				VALIDATE_PRODUCT = YES;
			};
			name = Release;
		};
		2089F0D92E71A18F00ABF5FA /* Debug */ = {
			isa = XCBuildConfiguration;
			buildSettings = {
				ASSETCATALOG_COMPILER_APPICON_NAME = AppIcon;
				ASSETCATALOG_COMPILER_GLOBAL_ACCENT_COLOR_NAME = AccentColor;
				CODE_SIGN_STYLE = Automatic;
				CURRENT_PROJECT_VERSION = 1;
				DEVELOPMENT_ASSET_PATHS = "\"Steps4/Preview Content\"";
				DEVELOPMENT_TEAM = 39V44D64DY;
				ENABLE_PREVIEWS = YES;
				GENERATE_INFOPLIST_FILE = YES;
				INFOPLIST_KEY_UIApplicationSceneManifest_Generation = YES;
				INFOPLIST_KEY_UIApplicationSupportsIndirectInputEvents = YES;
				INFOPLIST_KEY_UILaunchScreen_Generation = YES;
				INFOPLIST_KEY_UISupportedInterfaceOrientations_iPad = "UIInterfaceOrientationPortrait UIInterfaceOrientationPortraitUpsideDown UIInterfaceOrientationLandscapeLeft UIInterfaceOrientationLandscapeRight";
				INFOPLIST_KEY_UISupportedInterfaceOrientations_iPhone = "UIInterfaceOrientationPortrait UIInterfaceOrientationLandscapeLeft UIInterfaceOrientationLandscapeRight";
				LD_RUNPATH_SEARCH_PATHS = (
					"$(inherited)",
					"@executable_path/Frameworks",
				);
				MARKETING_VERSION = 1.0;
				PRODUCT_BUNDLE_IDENTIFIER = "personal-project.Steps4";
				PRODUCT_NAME = "$(TARGET_NAME)";
				SWIFT_EMIT_LOC_STRINGS = YES;
				SWIFT_VERSION = 5.0;
				TARGETED_DEVICE_FAMILY = "1,2";
			};
			name = Debug;
		};
		2089F0DA2E71A18F00ABF5FA /* Release */ = {
			isa = XCBuildConfiguration;
			buildSettings = {
				ASSETCATALOG_COMPILER_APPICON_NAME = AppIcon;
				ASSETCATALOG_COMPILER_GLOBAL_ACCENT_COLOR_NAME = AccentColor;
				CODE_SIGN_STYLE = Automatic;
				CURRENT_PROJECT_VERSION = 1;
				DEVELOPMENT_ASSET_PATHS = "\"Steps4/Preview Content\"";
				DEVELOPMENT_TEAM = 39V44D64DY;
				ENABLE_PREVIEWS = YES;
				GENERATE_INFOPLIST_FILE = YES;
				INFOPLIST_KEY_UIApplicationSceneManifest_Generation = YES;
				INFOPLIST_KEY_UIApplicationSupportsIndirectInputEvents = YES;
				INFOPLIST_KEY_UILaunchScreen_Generation = YES;
				INFOPLIST_KEY_UISupportedInterfaceOrientations_iPad = "UIInterfaceOrientationPortrait UIInterfaceOrientationPortraitUpsideDown UIInterfaceOrientationLandscapeLeft UIInterfaceOrientationLandscapeRight";
				INFOPLIST_KEY_UISupportedInterfaceOrientations_iPhone = "UIInterfaceOrientationPortrait UIInterfaceOrientationLandscapeLeft UIInterfaceOrientationLandscapeRight";
				LD_RUNPATH_SEARCH_PATHS = (
					"$(inherited)",
					"@executable_path/Frameworks",
				);
				MARKETING_VERSION = 1.0;
				PRODUCT_BUNDLE_IDENTIFIER = "personal-project.Steps4";
				PRODUCT_NAME = "$(TARGET_NAME)";
				SWIFT_EMIT_LOC_STRINGS = YES;
				SWIFT_VERSION = 5.0;
				TARGETED_DEVICE_FAMILY = "1,2";
			};
			name = Release;
		};
		2089F0DC2E71A18F00ABF5FA /* Debug */ = {
			isa = XCBuildConfiguration;
			buildSettings = {
				ALWAYS_EMBED_SWIFT_STANDARD_LIBRARIES = YES;
				BUNDLE_LOADER = "$(TEST_HOST)";
				CODE_SIGN_STYLE = Automatic;
				CURRENT_PROJECT_VERSION = 1;
				DEVELOPMENT_TEAM = 39V44D64DY;
				GENERATE_INFOPLIST_FILE = YES;
				IPHONEOS_DEPLOYMENT_TARGET = 17.5;
				MARKETING_VERSION = 1.0;
				PRODUCT_BUNDLE_IDENTIFIER = "personal-project.Steps4Tests";
				PRODUCT_NAME = "$(TARGET_NAME)";
				SWIFT_EMIT_LOC_STRINGS = NO;
				SWIFT_VERSION = 5.0;
				TARGETED_DEVICE_FAMILY = "1,2";
				TEST_HOST = "$(BUILT_PRODUCTS_DIR)/Steps4.app/$(BUNDLE_EXECUTABLE_FOLDER_PATH)/Steps4";
			};
			name = Debug;
		};
		2089F0DD2E71A18F00ABF5FA /* Release */ = {
			isa = XCBuildConfiguration;
			buildSettings = {
				ALWAYS_EMBED_SWIFT_STANDARD_LIBRARIES = YES;
				BUNDLE_LOADER = "$(TEST_HOST)";
				CODE_SIGN_STYLE = Automatic;
				CURRENT_PROJECT_VERSION = 1;
				DEVELOPMENT_TEAM = 39V44D64DY;
				GENERATE_INFOPLIST_FILE = YES;
				IPHONEOS_DEPLOYMENT_TARGET = 17.5;
				MARKETING_VERSION = 1.0;
				PRODUCT_BUNDLE_IDENTIFIER = "personal-project.Steps4Tests";
				PRODUCT_NAME = "$(TARGET_NAME)";
				SWIFT_EMIT_LOC_STRINGS = NO;
				SWIFT_VERSION = 5.0;
				TARGETED_DEVICE_FAMILY = "1,2";
				TEST_HOST = "$(BUILT_PRODUCTS_DIR)/Steps4.app/$(BUNDLE_EXECUTABLE_FOLDER_PATH)/Steps4";
			};
			name = Release;
		};
		2089F0DF2E71A18F00ABF5FA /* Debug */ = {
			isa = XCBuildConfiguration;
			buildSettings = {
				ALWAYS_EMBED_SWIFT_STANDARD_LIBRARIES = YES;
				CODE_SIGN_STYLE = Automatic;
				CURRENT_PROJECT_VERSION = 1;
				DEVELOPMENT_TEAM = 39V44D64DY;
				GENERATE_INFOPLIST_FILE = YES;
				MARKETING_VERSION = 1.0;
				PRODUCT_BUNDLE_IDENTIFIER = "personal-project.Steps4UITests";
				PRODUCT_NAME = "$(TARGET_NAME)";
				SWIFT_EMIT_LOC_STRINGS = NO;
				SWIFT_VERSION = 5.0;
				TARGETED_DEVICE_FAMILY = "1,2";
				TEST_TARGET_NAME = Steps4;
			};
			name = Debug;
		};
		2089F0E02E71A18F00ABF5FA /* Release */ = {
			isa = XCBuildConfiguration;
			buildSettings = {
				ALWAYS_EMBED_SWIFT_STANDARD_LIBRARIES = YES;
				CODE_SIGN_STYLE = Automatic;
				CURRENT_PROJECT_VERSION = 1;
				DEVELOPMENT_TEAM = 39V44D64DY;
				GENERATE_INFOPLIST_FILE = YES;
				MARKETING_VERSION = 1.0;
				PRODUCT_BUNDLE_IDENTIFIER = "personal-project.Steps4UITests";
				PRODUCT_NAME = "$(TARGET_NAME)";
				SWIFT_EMIT_LOC_STRINGS = NO;
				SWIFT_VERSION = 5.0;
				TARGETED_DEVICE_FAMILY = "1,2";
				TEST_TARGET_NAME = Steps4;
			};
			name = Release;
		};
/* End XCBuildConfiguration section */

/* Begin XCConfigurationList section */
		2089F0AF2E71A18E00ABF5FA /* Build configuration list for PBXProject "Steps4" */ = {
			isa = XCConfigurationList;
			buildConfigurations = (
				2089F0D62E71A18F00ABF5FA /* Debug */,
				2089F0D72E71A18F00ABF5FA /* Release */,
			);
			defaultConfigurationIsVisible = 0;
			defaultConfigurationName = Release;
		};
		2089F0D82E71A18F00ABF5FA /* Build configuration list for PBXNativeTarget "Steps4" */ = {
			isa = XCConfigurationList;
			buildConfigurations = (
				2089F0D92E71A18F00ABF5FA /* Debug */,
				2089F0DA2E71A18F00ABF5FA /* Release */,
			);
			defaultConfigurationIsVisible = 0;
			defaultConfigurationName = Release;
		};
		2089F0DB2E71A18F00ABF5FA /* Build configuration list for PBXNativeTarget "Steps4Tests" */ = {
			isa = XCConfigurationList;
			buildConfigurations = (
				2089F0DC2E71A18F00ABF5FA /* Debug */,
				2089F0DD2E71A18F00ABF5FA /* Release */,
			);
			defaultConfigurationIsVisible = 0;
			defaultConfigurationName = Release;
		};
		2089F0DE2E71A18F00ABF5FA /* Build configuration list for PBXNativeTarget "Steps4UITests" */ = {
			isa = XCConfigurationList;
			buildConfigurations = (
				2089F0DF2E71A18F00ABF5FA /* Debug */,
				2089F0E02E71A18F00ABF5FA /* Release */,
			);
			defaultConfigurationIsVisible = 0;
			defaultConfigurationName = Release;
		};
/* End XCConfigurationList section */
	};
	rootObject = 2089F0AC2E71A18E00ABF5FA /* Project object */;
}
