// !$*UTF8*$!
{
	archiveVersion = 1;
	classes = {
	};
	objectVersion = 70;
	objects = {

/* Begin PBXBuildFile section */
		200AC47B2F0C795D0018004E /* TargetResolver.swift in Sources */ = {isa = PBXBuildFile; fileRef = 200AC47A2F0C795D0018004E /* TargetResolver.swift */; };
		200AC47D2F0C825C0018004E /* AccessWindow.swift in Sources */ = {isa = PBXBuildFile; fileRef = 200AC47C2F0C825C0018004E /* AccessWindow.swift */; };
		200AC5A62F16DA3F0018004E /* AuthenticationService.swift in Sources */ = {isa = PBXBuildFile; fileRef = 200AC5A52F16DA3F0018004E /* AuthenticationService.swift */; };
		200AC5A82F16DA570018004E /* LoginView.swift in Sources */ = {isa = PBXBuildFile; fileRef = 200AC5A72F16DA570018004E /* LoginView.swift */; };
		200AC5AA2F16E8370018004E /* CloudKitService.swift in Sources */ = {isa = PBXBuildFile; fileRef = 200AC5A92F16E8370018004E /* CloudKitService.swift */; };
		200AC5B82F17A16B0018004E /* OuterWorldView.swift in Sources */ = {isa = PBXBuildFile; fileRef = 200AC5B72F17A16B0018004E /* OuterWorldView.swift */; };
		2035D7582E7D9CF90011B21D /* DeviceActivity.framework in Frameworks */ = {isa = PBXBuildFile; fileRef = 20E8EF852E7D41B200C092A1 /* DeviceActivity.framework */; };
		2061EB4D2F23FA84009FEC24 /* BlockScreenNew.swift in Sources */ = {isa = PBXBuildFile; fileRef = 2061EB4C2F23FA84009FEC24 /* BlockScreenNew.swift */; };
		2061EB532F23FD14009FEC24 /* ManagedSettings.framework in Frameworks */ = {isa = PBXBuildFile; fileRef = 200AC4892F1402CF0018004E /* ManagedSettings.framework */; };
		2061EB542F23FD14009FEC24 /* ManagedSettingsUI.framework in Frameworks */ = {isa = PBXBuildFile; fileRef = 200AC48B2F1402CF0018004E /* ManagedSettingsUI.framework */; };
		2061EB5C2F23FD14009FEC24 /* ShieldConfiguration.appex in Embed Foundation Extensions */ = {isa = PBXBuildFile; fileRef = 2061EB522F23FD14009FEC24 /* ShieldConfiguration.appex */; settings = {ATTRIBUTES = (RemoveHeadersOnCopy, ); }; };
		2061EB662F250A0B009FEC24 /* ManagedSettings.framework in Frameworks */ = {isa = PBXBuildFile; fileRef = 200AC4892F1402CF0018004E /* ManagedSettings.framework */; };
		2061EB6E2F250A0B009FEC24 /* ShieldAction.appex in Embed Foundation Extensions */ = {isa = PBXBuildFile; fileRef = 2061EB652F250A0B009FEC24 /* ShieldAction.appex */; settings = {ATTRIBUTES = (RemoveHeadersOnCopy, ); }; };
		2061EB742F253EBD009FEC24 /* DailyEnergy.swift in Sources */ = {isa = PBXBuildFile; fileRef = 2061EB732F253EBD009FEC24 /* DailyEnergy.swift */; };
		2061EB762F254237009FEC24 /* DailyEnergyCard.swift in Sources */ = {isa = PBXBuildFile; fileRef = 2061EB752F254237009FEC24 /* DailyEnergyCard.swift */; };
		2061EB782F2542A8009FEC24 /* EnergySetupView.swift in Sources */ = {isa = PBXBuildFile; fileRef = 2061EB772F2542A8009FEC24 /* EnergySetupView.swift */; };
		2061EB7A2F26593A009FEC24 /* CategoryDetailView.swift in Sources */ = {isa = PBXBuildFile; fileRef = 2061EB792F26593A009FEC24 /* CategoryDetailView.swift */; };
		2061EB7C2F26594D009FEC24 /* CategorySettingsView.swift in Sources */ = {isa = PBXBuildFile; fileRef = 2061EB7B2F26594D009FEC24 /* CategorySettingsView.swift */; };
		2061EB822F269C99009FEC24 /* QuickStatusView.swift in Sources */ = {isa = PBXBuildFile; fileRef = 2061EB812F269C99009FEC24 /* QuickStatusView.swift */; };
		2061EB832F269C99009FEC24 /* MainTabView.swift in Sources */ = {isa = PBXBuildFile; fileRef = 2061EB7E2F269C99009FEC24 /* MainTabView.swift */; };
		2061EB842F269C99009FEC24 /* PayGateView.swift in Sources */ = {isa = PBXBuildFile; fileRef = 2061EB802F269C99009FEC24 /* PayGateView.swift */; };
		2061EB852F269C99009FEC24 /* HandoffProtectionView.swift in Sources */ = {isa = PBXBuildFile; fileRef = 2061EB7D2F269C99009FEC24 /* HandoffProtectionView.swift */; };
		2061EB862F269C99009FEC24 /* OnboardingStoriesView.swift in Sources */ = {isa = PBXBuildFile; fileRef = 2061EB7F2F269C99009FEC24 /* OnboardingStoriesView.swift */; };
		2061EB892F269CC7009FEC24 /* LocationPermissionRequester.swift in Sources */ = {isa = PBXBuildFile; fileRef = 2061EB872F269CC7009FEC24 /* LocationPermissionRequester.swift */; };
		2061EB8A2F269CC7009FEC24 /* NotificationDelegate.swift in Sources */ = {isa = PBXBuildFile; fileRef = 2061EB882F269CC7009FEC24 /* NotificationDelegate.swift */; };
		2061EB8C2F269CD5009FEC24 /* PayGateBackgroundStyle.swift in Sources */ = {isa = PBXBuildFile; fileRef = 2061EB8B2F269CD5009FEC24 /* PayGateBackgroundStyle.swift */; };
		2061EB8D2F269CE6009FEC24 /* ProfileEditorView.swift in Sources */ = {isa = PBXBuildFile; fileRef = 2061EB8E2F269CE6009FEC24 /* ProfileEditorView.swift */; };
		2061EB8F2F269CE6009FEC24 /* CountryPickerView.swift in Sources */ = {isa = PBXBuildFile; fileRef = 2061EB902F269CE6009FEC24 /* CountryPickerView.swift */; };
		2061EB912F269CE6009FEC24 /* ImagePicker.swift in Sources */ = {isa = PBXBuildFile; fileRef = 2061EB922F269CE6009FEC24 /* ImagePicker.swift */; };
		2061EB932F269CE6009FEC24 /* ProfileLocationManager.swift in Sources */ = {isa = PBXBuildFile; fileRef = 2061EB942F269CE6009FEC24 /* ProfileLocationManager.swift */; };
		2061EB952F269CF7009FEC24 /* AutomationGuideView.swift in Sources */ = {isa = PBXBuildFile; fileRef = 2061EB962F269CF7009FEC24 /* AutomationGuideView.swift */; };
		2061EB972F269CF7009FEC24 /* ManualsPage.swift in Sources */ = {isa = PBXBuildFile; fileRef = 2061EB982F269CF7009FEC24 /* ManualsPage.swift */; };
		2061EB992F269D08009FEC24 /* EnergyDrop.swift in Sources */ = {isa = PBXBuildFile; fileRef = 2061EB9A2F269D08009FEC24 /* EnergyDrop.swift */; };
		2061EB9B2F269D08009FEC24 /* OuterWorldLocationManager.swift in Sources */ = {isa = PBXBuildFile; fileRef = 2061EB9C2F269D08009FEC24 /* OuterWorldLocationManager.swift */; };
		2061EB9D2F269D08009FEC24 /* EnergyDropMarker.swift in Sources */ = {isa = PBXBuildFile; fileRef = 2061EB9E2F269D08009FEC24 /* EnergyDropMarker.swift */; };
		2061EB9F2F269D19009FEC24 /* ShieldRowView.swift in Sources */ = {isa = PBXBuildFile; fileRef = 2061EBA02F269D19009FEC24 /* ShieldRowView.swift */; };
		2061EBA12F269D19009FEC24 /* ShieldGroupSettingsView.swift in Sources */ = {isa = PBXBuildFile; fileRef = 2061EBA22F269D19009FEC24 /* ShieldGroupSettingsView.swift */; };
		2061EBA32F269D19009FEC24 /* AppSelectionComponents.swift in Sources */ = {isa = PBXBuildFile; fileRef = 2061EBA42F269D19009FEC24 /* AppSelectionComponents.swift */; };
		2061ECE92F276FE8009FEC24 /* TimeAccessPickerSheet.swift in Sources */ = {isa = PBXBuildFile; fileRef = 2061ECE82F276FE8009FEC24 /* TimeAccessPickerSheet.swift */; };
		2061ECEA2F277000009FEC24 /* StatusViewHelpers.swift in Sources */ = {isa = PBXBuildFile; fileRef = 2061ECEB2F277000009FEC24 /* StatusViewHelpers.swift */; };
		2061ECEC2F277000009FEC24 /* StatusViewModels.swift in Sources */ = {isa = PBXBuildFile; fileRef = 2061ECED2F277000009FEC24 /* StatusViewModels.swift */; };
		2061ECEE2F277010009FEC24 /* AppUnlockSettings.swift in Sources */ = {isa = PBXBuildFile; fileRef = 2061ECEF2F277010009FEC24 /* AppUnlockSettings.swift */; };
		2061ECF02F277010009FEC24 /* ShieldGroup.swift in Sources */ = {isa = PBXBuildFile; fileRef = 2061ECF12F277010009FEC24 /* ShieldGroup.swift */; };
		2061ECF42F277010009FEC24 /* MinuteChargeLog.swift in Sources */ = {isa = PBXBuildFile; fileRef = 2061ECF52F277010009FEC24 /* MinuteChargeLog.swift */; };
		2061ECF82F277010009FEC24 /* PayGateSession.swift in Sources */ = {isa = PBXBuildFile; fileRef = 2061ECF92F277010009FEC24 /* PayGateSession.swift */; };
		2061F00A2F2803AC009FEC24 /* AppModel+AppSelection.swift in Sources */ = {isa = PBXBuildFile; fileRef = 2061F0092F2803AC009FEC24 /* AppModel+AppSelection.swift */; };
		2089F0BC2E71A18F00ABF5FA /* Assets.xcassets in Resources */ = {isa = PBXBuildFile; fileRef = 2089F0BB2E71A18F00ABF5FA /* Assets.xcassets */; };
		2089F0BF2E71A18F00ABF5FA /* Preview Assets.xcassets in Resources */ = {isa = PBXBuildFile; fileRef = 2089F0BE2E71A18F00ABF5FA /* Preview Assets.xcassets */; };
		2089F0EB2E71AE3400ABF5FA /* BudgetEngine.swift in Sources */ = {isa = PBXBuildFile; fileRef = 2089F0E12E71AE3400ABF5FA /* BudgetEngine.swift */; };
		2089F0EC2E71AE3400ABF5FA /* Types.swift in Sources */ = {isa = PBXBuildFile; fileRef = 2089F0E22E71AE3400ABF5FA /* Types.swift */; };
		2089F0ED2E71AE3400ABF5FA /* FamilyControlsService.swift in Sources */ = {isa = PBXBuildFile; fileRef = 2089F0E42E71AE3400ABF5FA /* FamilyControlsService.swift */; };
		2089F0EE2E71AE3400ABF5FA /* HealthKitService.swift in Sources */ = {isa = PBXBuildFile; fileRef = 2089F0E52E71AE3400ABF5FA /* HealthKitService.swift */; };
		2089F0EF2E71AE3400ABF5FA /* Date+Today.swift in Sources */ = {isa = PBXBuildFile; fileRef = 2089F0E72E71AE3400ABF5FA /* Date+Today.swift */; };
		2089F0F02E71AE3400ABF5FA /* StepsTraderApp.swift in Sources */ = {isa = PBXBuildFile; fileRef = 2089F0E92E71AE3400ABF5FA /* StepsTraderApp.swift */; };
		209424BF2E8593DA00904A0A /* StatMiniCard.swift in Sources */ = {isa = PBXBuildFile; fileRef = 209424B72E8593DA00904A0A /* StatMiniCard.swift */; };
		209424C02E8593DA00904A0A /* StatusRow.swift in Sources */ = {isa = PBXBuildFile; fileRef = 209424B82E8593DA00904A0A /* StatusRow.swift */; };
		209424C12E8593DA00904A0A /* TariffOptionView.swift in Sources */ = {isa = PBXBuildFile; fileRef = 209424B92E8593DA00904A0A /* TariffOptionView.swift */; };
		209424C22E8593DA00904A0A /* BlockScreen.swift in Sources */ = {isa = PBXBuildFile; fileRef = 209424BB2E8593DA00904A0A /* BlockScreen.swift */; };
		209424C32E8593DA00904A0A /* SettingsView.swift in Sources */ = {isa = PBXBuildFile; fileRef = 209424BC2E8593DA00904A0A /* SettingsView.swift */; };
		209424C42E8593DA00904A0A /* StatusView.swift in Sources */ = {isa = PBXBuildFile; fileRef = 209424BD2E8593DA00904A0A /* StatusView.swift */; };
		209424C82E85952D00904A0A /* NotificationManager.swift in Sources */ = {isa = PBXBuildFile; fileRef = 209424C52E85952D00904A0A /* NotificationManager.swift */; };
		209424C92E85952D00904A0A /* AppModel.swift in Sources */ = {isa = PBXBuildFile; fileRef = 209424C62E85952D00904A0A /* AppModel.swift */; };
		209424CA2E85952D00904A0A /* DIContainer.swift in Sources */ = {isa = PBXBuildFile; fileRef = 209424C72E85952D00904A0A /* DIContainer.swift */; };
		209424CC2E85952D00904A0A /* AppModel+DailyEnergy.swift in Sources */ = {isa = PBXBuildFile; fileRef = 209424CB2E85952D00904A0A /* AppModel+DailyEnergy.swift */; };
		209424CD2E85952D00904A0A /* AppModel+ShieldManagement.swift in Sources */ = {isa = PBXBuildFile; fileRef = 209424CE2E85952D00904A0A /* AppModel+ShieldManagement.swift */; };
		209424CF2E85952D00904A0A /* AppModel+BudgetTracking.swift in Sources */ = {isa = PBXBuildFile; fileRef = 209424D02E85952D00904A0A /* AppModel+BudgetTracking.swift */; };
		209424D12E85952D00904A0B /* AppModel+ShieldGroups.swift in Sources */ = {isa = PBXBuildFile; fileRef = 209424D22E85952D00904A0B /* AppModel+ShieldGroups.swift */; };
		209424D52E85952D00904A0D /* AppModel+HealthKit.swift in Sources */ = {isa = PBXBuildFile; fileRef = 209424D62E85952D00904A0D /* AppModel+HealthKit.swift */; };
		209424D72E85952D00904A0E /* AppModel+AppSettings.swift in Sources */ = {isa = PBXBuildFile; fileRef = 209424D82E85952D00904A0E /* AppModel+AppSettings.swift */; };
		20B0A3542E8C65E700D5EBE4 /* UserDefaults+StepsTrader.swift in Sources */ = {isa = PBXBuildFile; fileRef = 20B0A3532E8C65E700D5EBE4 /* UserDefaults+StepsTrader.swift */; };
		20B0A3582E8C930700D5EBE4 /* HandoffManager.swift in Sources */ = {isa = PBXBuildFile; fileRef = 20B0A3572E8C930700D5EBE4 /* HandoffManager.swift */; };
		20F5A0032FFF000100000003 /* AutomationUIModels.swift in Sources */ = {isa = PBXBuildFile; fileRef = 20F5A0012FFF000100000001 /* AutomationUIModels.swift */; };
		20F5A0042FFF000100000004 /* AppsPage.swift in Sources */ = {isa = PBXBuildFile; fileRef = 20F5A0022FFF000100000002 /* AppsPage.swift */; };
		20F5A0052FFF000100000005 /* AppsPageSimplified.swift in Sources */ = {isa = PBXBuildFile; fileRef = 20F5A0062FFF000100000006 /* AppsPageSimplified.swift */; };
		20F5A0102FFF020000000001 /* StepBalanceCard.swift in Sources */ = {isa = PBXBuildFile; fileRef = 20F5A00F2FFF020000000000 /* StepBalanceCard.swift */; };
		20F5A0112FFF030000000002 /* Localization.swift in Sources */ = {isa = PBXBuildFile; fileRef = 20F5A0122FFF030000000003 /* Localization.swift */; };
		20F5A0132FFF030000000004 /* ColorConstants.swift in Sources */ = {isa = PBXBuildFile; fileRef = 20F5A0142FFF030000000005 /* ColorConstants.swift */; };
		27AD90C5198349049E4EC714 /* AppModel+CloudKit.swift in Sources */ = {isa = PBXBuildFile; fileRef = A9E0A6EF05154A91AA51F820 /* AppModel+CloudKit.swift */; };
		31E56CC97BFC4B2EB6CAA2A8 /* AppModel+PayGate.swift in Sources */ = {isa = PBXBuildFile; fileRef = 1E8B78AD65E54737AA7CA90F /* AppModel+PayGate.swift */; };
		7006BD0F3FCF41D192D99AB8 /* ManagedSettings.framework in Frameworks */ = {isa = PBXBuildFile; fileRef = 200AC4892F1402CF0018004E /* ManagedSettings.framework */; };
		B59E9C524161418AB1CE7C33 /* DeviceActivityMonitor.appex in Embed Foundation Extensions */ = {isa = PBXBuildFile; fileRef = 554EE3AD45734274B4585281 /* DeviceActivityMonitor.appex */; settings = {ATTRIBUTES = (RemoveHeadersOnCopy, ); }; };
		BA2C944BDF2E4A9FAF9E3D81 /* AppModel+Payment.swift in Sources */ = {isa = PBXBuildFile; fileRef = D4A0EFF57C944F958DDA1052 /* AppModel+Payment.swift */; };
		C0AA553BDAC248AE9599AB12 /* DeviceActivity.framework in Frameworks */ = {isa = PBXBuildFile; fileRef = 20E8EF852E7D41B200C092A1 /* DeviceActivity.framework */; };
		C5D6E7F8A9B0C1D2E3F4A5B6 /* AppModel+AccessWindow.swift in Sources */ = {isa = PBXBuildFile; fileRef = D6E7F8A9B0C1D2E3F4A5B6C7 /* AppModel+AccessWindow.swift */; };
		E8A4A43BE0F242E5A36640BB /* AppModel+AppSelection.swift in Sources */ = {isa = PBXBuildFile; fileRef = A144CE444E274901BA446821 /* AppModel+AppSelection.swift */; };
/* End PBXBuildFile section */

/* Begin PBXContainerItemProxy section */
		2061EB5A2F23FD14009FEC24 /* PBXContainerItemProxy */ = {
			isa = PBXContainerItemProxy;
			containerPortal = 2089F0AC2E71A18E00ABF5FA /* Project object */;
			proxyType = 1;
			remoteGlobalIDString = 2061EB512F23FD14009FEC24;
			remoteInfo = ShieldConfiguration;
		};
		2061EB6C2F250A0B009FEC24 /* PBXContainerItemProxy */ = {
			isa = PBXContainerItemProxy;
			containerPortal = 2089F0AC2E71A18E00ABF5FA /* Project object */;
			proxyType = 1;
			remoteGlobalIDString = 2061EB642F250A0B009FEC24;
			remoteInfo = ShieldAction;
		};
		2089F0C52E71A18F00ABF5FA /* PBXContainerItemProxy */ = {
			isa = PBXContainerItemProxy;
			containerPortal = 2089F0AC2E71A18E00ABF5FA /* Project object */;
			proxyType = 1;
			remoteGlobalIDString = 2089F0B32E71A18E00ABF5FA;
			remoteInfo = Steps4;
		};
		2089F0CF2E71A18F00ABF5FA /* PBXContainerItemProxy */ = {
			isa = PBXContainerItemProxy;
			containerPortal = 2089F0AC2E71A18E00ABF5FA /* Project object */;
			proxyType = 1;
			remoteGlobalIDString = 2089F0B32E71A18E00ABF5FA;
			remoteInfo = Steps4;
		};
		63495B2B2E564063AEB97212 /* PBXContainerItemProxy */ = {
			isa = PBXContainerItemProxy;
			containerPortal = 2089F0AC2E71A18E00ABF5FA /* Project object */;
			proxyType = 1;
			remoteGlobalIDString = 661EF750582B4195A3B59550;
			remoteInfo = DeviceActivityMonitor;
		};
/* End PBXContainerItemProxy section */

/* Begin PBXCopyFilesBuildPhase section */
		20E8EF8F2E7D41B200C092A1 /* Embed Foundation Extensions */ = {
			isa = PBXCopyFilesBuildPhase;
			buildActionMask = 2147483647;
			dstPath = "";
			dstSubfolderSpec = 13;
			files = (
				2061EB6E2F250A0B009FEC24 /* ShieldAction.appex in Embed Foundation Extensions */,
				2061EB5C2F23FD14009FEC24 /* ShieldConfiguration.appex in Embed Foundation Extensions */,
				B59E9C524161418AB1CE7C33 /* DeviceActivityMonitor.appex in Embed Foundation Extensions */,
			);
			name = "Embed Foundation Extensions";
			runOnlyForDeploymentPostprocessing = 0;
		};
/* End PBXCopyFilesBuildPhase section */

/* Begin PBXFileReference section */
		1E8B78AD65E54737AA7CA90F /* AppModel+PayGate.swift */ = {isa = PBXFileReference; fileEncoding = 4; lastKnownFileType = sourcecode.swift; path = "AppModel+PayGate.swift"; sourceTree = "<group>"; };
		200AC47A2F0C795D0018004E /* TargetResolver.swift */ = {isa = PBXFileReference; lastKnownFileType = sourcecode.swift; path = TargetResolver.swift; sourceTree = "<group>"; };
		200AC47C2F0C825C0018004E /* AccessWindow.swift */ = {isa = PBXFileReference; lastKnownFileType = sourcecode.swift; path = AccessWindow.swift; sourceTree = "<group>"; };
		200AC4892F1402CF0018004E /* ManagedSettings.framework */ = {isa = PBXFileReference; lastKnownFileType = wrapper.framework; name = ManagedSettings.framework; path = System/Library/Frameworks/ManagedSettings.framework; sourceTree = SDKROOT; };
		200AC48B2F1402CF0018004E /* ManagedSettingsUI.framework */ = {isa = PBXFileReference; lastKnownFileType = wrapper.framework; name = ManagedSettingsUI.framework; path = System/Library/Frameworks/ManagedSettingsUI.framework; sourceTree = SDKROOT; };
		200AC5A52F16DA3F0018004E /* AuthenticationService.swift */ = {isa = PBXFileReference; lastKnownFileType = sourcecode.swift; path = AuthenticationService.swift; sourceTree = "<group>"; };
		200AC5A72F16DA570018004E /* LoginView.swift */ = {isa = PBXFileReference; lastKnownFileType = sourcecode.swift; path = LoginView.swift; sourceTree = "<group>"; };
		200AC5A92F16E8370018004E /* CloudKitService.swift */ = {isa = PBXFileReference; lastKnownFileType = sourcecode.swift; path = CloudKitService.swift; sourceTree = "<group>"; };
		200AC5B72F17A16B0018004E /* OuterWorldView.swift */ = {isa = PBXFileReference; lastKnownFileType = sourcecode.swift; path = OuterWorldView.swift; sourceTree = "<group>"; };
		2061EB4C2F23FA84009FEC24 /* BlockScreenNew.swift */ = {isa = PBXFileReference; lastKnownFileType = sourcecode.swift; path = BlockScreenNew.swift; sourceTree = "<group>"; };
		2061EB522F23FD14009FEC24 /* ShieldConfiguration.appex */ = {isa = PBXFileReference; explicitFileType = "wrapper.app-extension"; includeInIndex = 0; path = ShieldConfiguration.appex; sourceTree = BUILT_PRODUCTS_DIR; };
		2061EB652F250A0B009FEC24 /* ShieldAction.appex */ = {isa = PBXFileReference; explicitFileType = "wrapper.app-extension"; includeInIndex = 0; path = ShieldAction.appex; sourceTree = BUILT_PRODUCTS_DIR; };
		2061EB732F253EBD009FEC24 /* DailyEnergy.swift */ = {isa = PBXFileReference; lastKnownFileType = sourcecode.swift; path = DailyEnergy.swift; sourceTree = "<group>"; };
		2061EB752F254237009FEC24 /* DailyEnergyCard.swift */ = {isa = PBXFileReference; lastKnownFileType = sourcecode.swift; path = DailyEnergyCard.swift; sourceTree = "<group>"; };
		2061EB772F2542A8009FEC24 /* EnergySetupView.swift */ = {isa = PBXFileReference; lastKnownFileType = sourcecode.swift; path = EnergySetupView.swift; sourceTree = "<group>"; };
		2061EB792F26593A009FEC24 /* CategoryDetailView.swift */ = {isa = PBXFileReference; lastKnownFileType = sourcecode.swift; path = CategoryDetailView.swift; sourceTree = "<group>"; };
		2061EB7B2F26594D009FEC24 /* CategorySettingsView.swift */ = {isa = PBXFileReference; lastKnownFileType = sourcecode.swift; path = CategorySettingsView.swift; sourceTree = "<group>"; };
		2061EB7D2F269C99009FEC24 /* HandoffProtectionView.swift */ = {isa = PBXFileReference; lastKnownFileType = sourcecode.swift; path = HandoffProtectionView.swift; sourceTree = "<group>"; };
		2061EB7E2F269C99009FEC24 /* MainTabView.swift */ = {isa = PBXFileReference; lastKnownFileType = sourcecode.swift; path = MainTabView.swift; sourceTree = "<group>"; };
		2061EB7F2F269C99009FEC24 /* OnboardingStoriesView.swift */ = {isa = PBXFileReference; lastKnownFileType = sourcecode.swift; path = OnboardingStoriesView.swift; sourceTree = "<group>"; };
		2061EB802F269C99009FEC24 /* PayGateView.swift */ = {isa = PBXFileReference; lastKnownFileType = sourcecode.swift; path = PayGateView.swift; sourceTree = "<group>"; };
		2061EB812F269C99009FEC24 /* QuickStatusView.swift */ = {isa = PBXFileReference; lastKnownFileType = sourcecode.swift; path = QuickStatusView.swift; sourceTree = "<group>"; };
		2061EB872F269CC7009FEC24 /* LocationPermissionRequester.swift */ = {isa = PBXFileReference; lastKnownFileType = sourcecode.swift; path = LocationPermissionRequester.swift; sourceTree = "<group>"; };
		2061EB882F269CC7009FEC24 /* NotificationDelegate.swift */ = {isa = PBXFileReference; lastKnownFileType = sourcecode.swift; path = NotificationDelegate.swift; sourceTree = "<group>"; };
		2061EB8B2F269CD5009FEC24 /* PayGateBackgroundStyle.swift */ = {isa = PBXFileReference; lastKnownFileType = sourcecode.swift; path = PayGateBackgroundStyle.swift; sourceTree = "<group>"; };
		2061EB8E2F269CE6009FEC24 /* ProfileEditorView.swift */ = {isa = PBXFileReference; lastKnownFileType = sourcecode.swift; path = ProfileEditorView.swift; sourceTree = "<group>"; };
		2061EB902F269CE6009FEC24 /* CountryPickerView.swift */ = {isa = PBXFileReference; lastKnownFileType = sourcecode.swift; path = CountryPickerView.swift; sourceTree = "<group>"; };
		2061EB922F269CE6009FEC24 /* ImagePicker.swift */ = {isa = PBXFileReference; lastKnownFileType = sourcecode.swift; path = ImagePicker.swift; sourceTree = "<group>"; };
		2061EB942F269CE6009FEC24 /* ProfileLocationManager.swift */ = {isa = PBXFileReference; lastKnownFileType = sourcecode.swift; path = ProfileLocationManager.swift; sourceTree = "<group>"; };
		2061EB962F269CF7009FEC24 /* AutomationGuideView.swift */ = {isa = PBXFileReference; lastKnownFileType = sourcecode.swift; path = AutomationGuideView.swift; sourceTree = "<group>"; };
		2061EB982F269CF7009FEC24 /* ManualsPage.swift */ = {isa = PBXFileReference; lastKnownFileType = sourcecode.swift; path = ManualsPage.swift; sourceTree = "<group>"; };
		2061EB9A2F269D08009FEC24 /* EnergyDrop.swift */ = {isa = PBXFileReference; lastKnownFileType = sourcecode.swift; path = EnergyDrop.swift; sourceTree = "<group>"; };
		2061EB9C2F269D08009FEC24 /* OuterWorldLocationManager.swift */ = {isa = PBXFileReference; lastKnownFileType = sourcecode.swift; path = OuterWorldLocationManager.swift; sourceTree = "<group>"; };
		2061EB9E2F269D08009FEC24 /* EnergyDropMarker.swift */ = {isa = PBXFileReference; lastKnownFileType = sourcecode.swift; path = EnergyDropMarker.swift; sourceTree = "<group>"; };
		2061EBA02F269D19009FEC24 /* ShieldRowView.swift */ = {isa = PBXFileReference; lastKnownFileType = sourcecode.swift; path = ShieldRowView.swift; sourceTree = "<group>"; };
		2061EBA22F269D19009FEC24 /* ShieldGroupSettingsView.swift */ = {isa = PBXFileReference; lastKnownFileType = sourcecode.swift; path = ShieldGroupSettingsView.swift; sourceTree = "<group>"; };
		2061EBA42F269D19009FEC24 /* AppSelectionComponents.swift */ = {isa = PBXFileReference; lastKnownFileType = sourcecode.swift; path = AppSelectionComponents.swift; sourceTree = "<group>"; };
		2061ECE82F276FE8009FEC24 /* TimeAccessPickerSheet.swift */ = {isa = PBXFileReference; lastKnownFileType = sourcecode.swift; path = TimeAccessPickerSheet.swift; sourceTree = "<group>"; };
		2061ECEB2F277000009FEC24 /* StatusViewHelpers.swift */ = {isa = PBXFileReference; lastKnownFileType = sourcecode.swift; path = StatusViewHelpers.swift; sourceTree = "<group>"; };
		2061ECED2F277000009FEC24 /* StatusViewModels.swift */ = {isa = PBXFileReference; lastKnownFileType = sourcecode.swift; path = StatusViewModels.swift; sourceTree = "<group>"; };
		2061ECEF2F277010009FEC24 /* AppUnlockSettings.swift */ = {isa = PBXFileReference; lastKnownFileType = sourcecode.swift; path = AppUnlockSettings.swift; sourceTree = "<group>"; };
		2061ECF12F277010009FEC24 /* ShieldGroup.swift */ = {isa = PBXFileReference; lastKnownFileType = sourcecode.swift; path = ShieldGroup.swift; sourceTree = "<group>"; };
		2061ECF52F277010009FEC24 /* MinuteChargeLog.swift */ = {isa = PBXFileReference; lastKnownFileType = sourcecode.swift; path = MinuteChargeLog.swift; sourceTree = "<group>"; };
		2061ECF92F277010009FEC24 /* PayGateSession.swift */ = {isa = PBXFileReference; lastKnownFileType = sourcecode.swift; path = PayGateSession.swift; sourceTree = "<group>"; };
		2061F0092F2803AC009FEC24 /* AppModel+AppSelection.swift */ = {isa = PBXFileReference; lastKnownFileType = sourcecode.swift; path = "AppModel+AppSelection.swift"; sourceTree = "<group>"; };
		2089F0B42E71A18E00ABF5FA /* DOOM CTRL.app */ = {isa = PBXFileReference; explicitFileType = wrapper.application; includeInIndex = 0; path = "DOOM CTRL.app"; sourceTree = BUILT_PRODUCTS_DIR; };
		2089F0BB2E71A18F00ABF5FA /* Assets.xcassets */ = {isa = PBXFileReference; lastKnownFileType = folder.assetcatalog; path = Assets.xcassets; sourceTree = "<group>"; };
		2089F0BE2E71A18F00ABF5FA /* Preview Assets.xcassets */ = {isa = PBXFileReference; lastKnownFileType = folder.assetcatalog; path = "Preview Assets.xcassets"; sourceTree = "<group>"; };
		2089F0C42E71A18F00ABF5FA /* DOOM CTRL.xctest */ = {isa = PBXFileReference; explicitFileType = wrapper.cfbundle; includeInIndex = 0; path = "DOOM CTRL.xctest"; sourceTree = BUILT_PRODUCTS_DIR; };
		2089F0CE2E71A18F00ABF5FA /* DOOM CTRL.xctest */ = {isa = PBXFileReference; explicitFileType = wrapper.cfbundle; includeInIndex = 0; path = "DOOM CTRL.xctest"; sourceTree = BUILT_PRODUCTS_DIR; };
		2089F0E12E71AE3400ABF5FA /* BudgetEngine.swift */ = {isa = PBXFileReference; fileEncoding = 4; lastKnownFileType = sourcecode.swift; path = BudgetEngine.swift; sourceTree = "<group>"; };
		2089F0E22E71AE3400ABF5FA /* Types.swift */ = {isa = PBXFileReference; fileEncoding = 4; lastKnownFileType = sourcecode.swift; path = Types.swift; sourceTree = "<group>"; };
		2089F0E42E71AE3400ABF5FA /* FamilyControlsService.swift */ = {isa = PBXFileReference; fileEncoding = 4; lastKnownFileType = sourcecode.swift; path = FamilyControlsService.swift; sourceTree = "<group>"; };
		2089F0E52E71AE3400ABF5FA /* HealthKitService.swift */ = {isa = PBXFileReference; fileEncoding = 4; lastKnownFileType = sourcecode.swift; path = HealthKitService.swift; sourceTree = "<group>"; };
		2089F0E72E71AE3400ABF5FA /* Date+Today.swift */ = {isa = PBXFileReference; fileEncoding = 4; lastKnownFileType = sourcecode.swift; path = "Date+Today.swift"; sourceTree = "<group>"; };
		2089F0E92E71AE3400ABF5FA /* StepsTraderApp.swift */ = {isa = PBXFileReference; fileEncoding = 4; lastKnownFileType = sourcecode.swift; path = StepsTraderApp.swift; sourceTree = "<group>"; };
		2089F0F12E72D68C00ABF5FA /* Steps4.entitlements */ = {isa = PBXFileReference; lastKnownFileType = text.plist.entitlements; path = Steps4.entitlements; sourceTree = "<group>"; };
		2089F0F42E72EC1700ABF5FA /* Info.plist */ = {isa = PBXFileReference; lastKnownFileType = text.plist.xml; path = Info.plist; sourceTree = "<group>"; };
		209424B72E8593DA00904A0A /* StatMiniCard.swift */ = {isa = PBXFileReference; fileEncoding = 4; lastKnownFileType = sourcecode.swift; path = StatMiniCard.swift; sourceTree = "<group>"; };
		209424B82E8593DA00904A0A /* StatusRow.swift */ = {isa = PBXFileReference; fileEncoding = 4; lastKnownFileType = sourcecode.swift; path = StatusRow.swift; sourceTree = "<group>"; };
		209424B92E8593DA00904A0A /* TariffOptionView.swift */ = {isa = PBXFileReference; fileEncoding = 4; lastKnownFileType = sourcecode.swift; path = TariffOptionView.swift; sourceTree = "<group>"; };
		209424BB2E8593DA00904A0A /* BlockScreen.swift */ = {isa = PBXFileReference; fileEncoding = 4; lastKnownFileType = sourcecode.swift; path = BlockScreen.swift; sourceTree = "<group>"; };
		209424BC2E8593DA00904A0A /* SettingsView.swift */ = {isa = PBXFileReference; fileEncoding = 4; lastKnownFileType = sourcecode.swift; path = SettingsView.swift; sourceTree = "<group>"; };
		209424BD2E8593DA00904A0A /* StatusView.swift */ = {isa = PBXFileReference; fileEncoding = 4; lastKnownFileType = sourcecode.swift; path = StatusView.swift; sourceTree = "<group>"; };
		209424C52E85952D00904A0A /* NotificationManager.swift */ = {isa = PBXFileReference; fileEncoding = 4; lastKnownFileType = sourcecode.swift; path = NotificationManager.swift; sourceTree = "<group>"; };
		209424C62E85952D00904A0A /* AppModel.swift */ = {isa = PBXFileReference; fileEncoding = 4; lastKnownFileType = sourcecode.swift; path = AppModel.swift; sourceTree = "<group>"; };
		209424C72E85952D00904A0A /* DIContainer.swift */ = {isa = PBXFileReference; fileEncoding = 4; lastKnownFileType = sourcecode.swift; path = DIContainer.swift; sourceTree = "<group>"; };
		209424CB2E85952D00904A0A /* AppModel+DailyEnergy.swift */ = {isa = PBXFileReference; fileEncoding = 4; lastKnownFileType = sourcecode.swift; path = "AppModel+DailyEnergy.swift"; sourceTree = "<group>"; };
		209424CE2E85952D00904A0A /* AppModel+ShieldManagement.swift */ = {isa = PBXFileReference; fileEncoding = 4; lastKnownFileType = sourcecode.swift; path = "AppModel+ShieldManagement.swift"; sourceTree = "<group>"; };
		209424D02E85952D00904A0A /* AppModel+BudgetTracking.swift */ = {isa = PBXFileReference; fileEncoding = 4; lastKnownFileType = sourcecode.swift; path = "AppModel+BudgetTracking.swift"; sourceTree = "<group>"; };
		209424D22E85952D00904A0B /* AppModel+ShieldGroups.swift */ = {isa = PBXFileReference; fileEncoding = 4; lastKnownFileType = sourcecode.swift; path = "AppModel+ShieldGroups.swift"; sourceTree = "<group>"; };
		209424D62E85952D00904A0D /* AppModel+HealthKit.swift */ = {isa = PBXFileReference; fileEncoding = 4; lastKnownFileType = sourcecode.swift; path = "AppModel+HealthKit.swift"; sourceTree = "<group>"; };
		209424D82E85952D00904A0E /* AppModel+AppSettings.swift */ = {isa = PBXFileReference; fileEncoding = 4; lastKnownFileType = sourcecode.swift; path = "AppModel+AppSettings.swift"; sourceTree = "<group>"; };
		20B0A3532E8C65E700D5EBE4 /* UserDefaults+StepsTrader.swift */ = {isa = PBXFileReference; lastKnownFileType = sourcecode.swift; path = "UserDefaults+StepsTrader.swift"; sourceTree = "<group>"; };
		20B0A3572E8C930700D5EBE4 /* HandoffManager.swift */ = {isa = PBXFileReference; lastKnownFileType = sourcecode.swift; path = HandoffManager.swift; sourceTree = "<group>"; };
		20E8EF852E7D41B200C092A1 /* DeviceActivity.framework */ = {isa = PBXFileReference; lastKnownFileType = wrapper.framework; name = DeviceActivity.framework; path = System/Library/Frameworks/DeviceActivity.framework; sourceTree = SDKROOT; };
		20F5A0012FFF000100000001 /* AutomationUIModels.swift */ = {isa = PBXFileReference; lastKnownFileType = sourcecode.swift; path = AutomationUIModels.swift; sourceTree = "<group>"; };
		20F5A0022FFF000100000002 /* AppsPage.swift */ = {isa = PBXFileReference; lastKnownFileType = sourcecode.swift; path = AppsPage.swift; sourceTree = "<group>"; };
		20F5A0062FFF000100000006 /* AppsPageSimplified.swift */ = {isa = PBXFileReference; lastKnownFileType = sourcecode.swift; path = AppsPageSimplified.swift; sourceTree = "<group>"; };
		20F5A00F2FFF020000000000 /* StepBalanceCard.swift */ = {isa = PBXFileReference; fileEncoding = 4; lastKnownFileType = sourcecode.swift; path = StepBalanceCard.swift; sourceTree = "<group>"; };
		20F5A0122FFF030000000003 /* Localization.swift */ = {isa = PBXFileReference; fileEncoding = 4; lastKnownFileType = sourcecode.swift; path = Localization.swift; sourceTree = "<group>"; };
		20F5A0142FFF030000000005 /* ColorConstants.swift */ = {isa = PBXFileReference; fileEncoding = 4; lastKnownFileType = sourcecode.swift; path = ColorConstants.swift; sourceTree = "<group>"; };
		554EE3AD45734274B4585281 /* DeviceActivityMonitor.appex */ = {isa = PBXFileReference; explicitFileType = "wrapper.app-extension"; includeInIndex = 0; path = DeviceActivityMonitor.appex; sourceTree = BUILT_PRODUCTS_DIR; };
		A144CE444E274901BA446821 /* AppModel+AppSelection.swift */ = {isa = PBXFileReference; fileEncoding = 4; lastKnownFileType = sourcecode.swift; path = "AppModel+AppSelection.swift"; sourceTree = "<group>"; };
		A9E0A6EF05154A91AA51F820 /* AppModel+CloudKit.swift */ = {isa = PBXFileReference; fileEncoding = 4; lastKnownFileType = sourcecode.swift; path = "AppModel+CloudKit.swift"; sourceTree = "<group>"; };
		D4A0EFF57C944F958DDA1052 /* AppModel+Payment.swift */ = {isa = PBXFileReference; fileEncoding = 4; lastKnownFileType = sourcecode.swift; path = "AppModel+Payment.swift"; sourceTree = "<group>"; };
		D6E7F8A9B0C1D2E3F4A5B6C7 /* AppModel+AccessWindow.swift */ = {isa = PBXFileReference; fileEncoding = 4; lastKnownFileType = sourcecode.swift; path = "AppModel+AccessWindow.swift"; sourceTree = "<group>"; };
/* End PBXFileReference section */

/* Begin PBXFileSystemSynchronizedBuildFileExceptionSet section */
		2061EB5D2F23FD14009FEC24 /* PBXFileSystemSynchronizedBuildFileExceptionSet */ = {
			isa = PBXFileSystemSynchronizedBuildFileExceptionSet;
			membershipExceptions = (
				Info.plist,
			);
			target = 2061EB512F23FD14009FEC24 /* ShieldConfiguration */;
		};
		2061EB6F2F250A0B009FEC24 /* PBXFileSystemSynchronizedBuildFileExceptionSet */ = {
			isa = PBXFileSystemSynchronizedBuildFileExceptionSet;
			membershipExceptions = (
				Info.plist,
			);
			target = 2061EB642F250A0B009FEC24 /* ShieldAction */;
		};
		923D8ED70C4548ACAC59D99E /* PBXFileSystemSynchronizedBuildFileExceptionSet */ = {
			isa = PBXFileSystemSynchronizedBuildFileExceptionSet;
			membershipExceptions = (
				Info.plist,
			);
			target = 661EF750582B4195A3B59550 /* DeviceActivityMonitor */;
		};
/* End PBXFileSystemSynchronizedBuildFileExceptionSet section */

/* Begin PBXFileSystemSynchronizedRootGroup section */
		2061EB552F23FD14009FEC24 /* ShieldConfiguration */ = {isa = PBXFileSystemSynchronizedRootGroup; exceptions = (2061EB5D2F23FD14009FEC24 /* PBXFileSystemSynchronizedBuildFileExceptionSet */, ); explicitFileTypes = {}; explicitFolders = (); path = ShieldConfiguration; sourceTree = "<group>"; };
		2061EB672F250A0B009FEC24 /* ShieldAction */ = {isa = PBXFileSystemSynchronizedRootGroup; exceptions = (2061EB6F2F250A0B009FEC24 /* PBXFileSystemSynchronizedBuildFileExceptionSet */, ); explicitFileTypes = {}; explicitFolders = (); path = ShieldAction; sourceTree = "<group>"; };
		69402D60D4CF4D02AA37F801 /* DeviceActivityMonitor */ = {isa = PBXFileSystemSynchronizedRootGroup; exceptions = (923D8ED70C4548ACAC59D99E /* PBXFileSystemSynchronizedBuildFileExceptionSet */, ); explicitFileTypes = {}; explicitFolders = (); path = DeviceActivityMonitor; sourceTree = "<group>"; };
/* End PBXFileSystemSynchronizedRootGroup section */

/* Begin PBXFrameworksBuildPhase section */
		2061EB4F2F23FD14009FEC24 /* Frameworks */ = {
			isa = PBXFrameworksBuildPhase;
			buildActionMask = 2147483647;
			files = (
				2061EB532F23FD14009FEC24 /* ManagedSettings.framework in Frameworks */,
				2061EB542F23FD14009FEC24 /* ManagedSettingsUI.framework in Frameworks */,
			);
			runOnlyForDeploymentPostprocessing = 0;
		};
		2061EB622F250A0B009FEC24 /* Frameworks */ = {
			isa = PBXFrameworksBuildPhase;
			buildActionMask = 2147483647;
			files = (
				2061EB662F250A0B009FEC24 /* ManagedSettings.framework in Frameworks */,
			);
			runOnlyForDeploymentPostprocessing = 0;
		};
		2089F0B12E71A18E00ABF5FA /* Frameworks */ = {
			isa = PBXFrameworksBuildPhase;
			buildActionMask = 2147483647;
			files = (
				2035D7582E7D9CF90011B21D /* DeviceActivity.framework in Frameworks */,
			);
			runOnlyForDeploymentPostprocessing = 0;
		};
		2089F0C12E71A18F00ABF5FA /* Frameworks */ = {
			isa = PBXFrameworksBuildPhase;
			buildActionMask = 2147483647;
			files = (
			);
			runOnlyForDeploymentPostprocessing = 0;
		};
		2089F0CB2E71A18F00ABF5FA /* Frameworks */ = {
			isa = PBXFrameworksBuildPhase;
			buildActionMask = 2147483647;
			files = (
			);
			runOnlyForDeploymentPostprocessing = 0;
		};
		9B81FA7FBB1B42C3A5EA347C /* Frameworks */ = {
			isa = PBXFrameworksBuildPhase;
			buildActionMask = 2147483647;
			files = (
				C0AA553BDAC248AE9599AB12 /* DeviceActivity.framework in Frameworks */,
				7006BD0F3FCF41D192D99AB8 /* ManagedSettings.framework in Frameworks */,
			);
			runOnlyForDeploymentPostprocessing = 0;
		};
/* End PBXFrameworksBuildPhase section */

/* Begin PBXGroup section */
		2089F0AB2E71A18E00ABF5FA = {
			isa = PBXGroup;
			children = (
				2089F0EA2E71AE3400ABF5FA /* StepsTrader */,
				2089F0B62E71A18E00ABF5FA /* Steps4 */,
				69402D60D4CF4D02AA37F801 /* DeviceActivityMonitor */,
				2061EB552F23FD14009FEC24 /* ShieldConfiguration */,
				2061EB672F250A0B009FEC24 /* ShieldAction */,
				20E8EF842E7D41B200C092A1 /* Frameworks */,
				2089F0B52E71A18E00ABF5FA /* Products */,
			);
			sourceTree = "<group>";
		};
		2089F0B52E71A18E00ABF5FA /* Products */ = {
			isa = PBXGroup;
			children = (
				2089F0B42E71A18E00ABF5FA /* DOOM CTRL.app */,
				2089F0C42E71A18F00ABF5FA /* DOOM CTRL.xctest */,
				2089F0CE2E71A18F00ABF5FA /* DOOM CTRL.xctest */,
				554EE3AD45734274B4585281 /* DeviceActivityMonitor.appex */,
				2061EB522F23FD14009FEC24 /* ShieldConfiguration.appex */,
				2061EB652F250A0B009FEC24 /* ShieldAction.appex */,
			);
			name = Products;
			sourceTree = "<group>";
		};
		2089F0B62E71A18E00ABF5FA /* Steps4 */ = {
			isa = PBXGroup;
			children = (
				2089F0F42E72EC1700ABF5FA /* Info.plist */,
				2089F0BD2E71A18F00ABF5FA /* Preview Content */,
			);
			path = Steps4;
			sourceTree = "<group>";
		};
		2089F0BD2E71A18F00ABF5FA /* Preview Content */ = {
			isa = PBXGroup;
			children = (
				2089F0BE2E71A18F00ABF5FA /* Preview Assets.xcassets */,
			);
			path = "Preview Content";
			sourceTree = "<group>";
		};
		2089F0E32E71AE3400ABF5FA /* Models */ = {
			isa = PBXGroup;
			children = (
				200AC47C2F0C825C0018004E /* AccessWindow.swift */,
				2089F0E12E71AE3400ABF5FA /* BudgetEngine.swift */,
				2089F0E22E71AE3400ABF5FA /* Types.swift */,
				2061EB8B2F269CD5009FEC24 /* PayGateBackgroundStyle.swift */,
				2061EB732F253EBD009FEC24 /* DailyEnergy.swift */,
				2061EB9A2F269D08009FEC24 /* EnergyDrop.swift */,
				2061ECED2F277000009FEC24 /* StatusViewModels.swift */,
				2061ECEF2F277010009FEC24 /* AppUnlockSettings.swift */,
				2061ECF12F277010009FEC24 /* ShieldGroup.swift */,
				2061ECF52F277010009FEC24 /* MinuteChargeLog.swift */,
				2061ECF92F277010009FEC24 /* PayGateSession.swift */,
				20F5A0012FFF000100000001 /* AutomationUIModels.swift */,
			);
			path = Models;
			sourceTree = "<group>";
		};
		2089F0E62E71AE3400ABF5FA /* Services */ = {
			isa = PBXGroup;
			children = (
				200AC5A52F16DA3F0018004E /* AuthenticationService.swift */,
				2089F0E42E71AE3400ABF5FA /* FamilyControlsService.swift */,
				200AC5A92F16E8370018004E /* CloudKitService.swift */,
				2089F0E52E71AE3400ABF5FA /* HealthKitService.swift */,
				2061EB872F269CC7009FEC24 /* LocationPermissionRequester.swift */,
				2061EB882F269CC7009FEC24 /* NotificationDelegate.swift */,
				2061EB942F269CE6009FEC24 /* ProfileLocationManager.swift */,
				2061EB9C2F269D08009FEC24 /* OuterWorldLocationManager.swift */,
			);
			path = Services;
			sourceTree = "<group>";
		};
		2089F0E82E71AE3400ABF5FA /* Utilities */ = {
			isa = PBXGroup;
			children = (
				20B0A3532E8C65E700D5EBE4 /* UserDefaults+StepsTrader.swift */,
				20F5A0122FFF030000000003 /* Localization.swift */,
				20F5A0142FFF030000000005 /* ColorConstants.swift */,
				2061ECEB2F277000009FEC24 /* StatusViewHelpers.swift */,
				2089F0E72E71AE3400ABF5FA /* Date+Today.swift */,
			);
			path = Utilities;
			sourceTree = "<group>";
		};
		2089F0EA2E71AE3400ABF5FA /* StepsTrader */ = {
			isa = PBXGroup;
			children = (
				209424AE2E80C52C00904A0A /* Intents */,
				2089F0E32E71AE3400ABF5FA /* Models */,
				2089F0E62E71AE3400ABF5FA /* Services */,
				209424BE2E8593DA00904A0A /* Views */,
				2089F0E82E71AE3400ABF5FA /* Utilities */,
				2089F0E92E71AE3400ABF5FA /* StepsTraderApp.swift */,
				200AC47A2F0C795D0018004E /* TargetResolver.swift */,
				20B0A3572E8C930700D5EBE4 /* HandoffManager.swift */,
				209424C62E85952D00904A0A /* AppModel.swift */,
				209424CB2E85952D00904A0A /* AppModel+DailyEnergy.swift */,
				209424CE2E85952D00904A0A /* AppModel+ShieldManagement.swift */,
				209424D02E85952D00904A0A /* AppModel+BudgetTracking.swift */,
				209424D22E85952D00904A0B /* AppModel+ShieldGroups.swift */,
				209424D62E85952D00904A0D /* AppModel+HealthKit.swift */,
				2061F0092F2803AC009FEC24 /* AppModel+AppSelection.swift */,
				209424D82E85952D00904A0E /* AppModel+AppSettings.swift */,
				D4A0EFF57C944F958DDA1052 /* AppModel+Payment.swift */,
				1E8B78AD65E54737AA7CA90F /* AppModel+PayGate.swift */,
				D6E7F8A9B0C1D2E3F4A5B6C7 /* AppModel+AccessWindow.swift */,
				A144CE444E274901BA446821 /* AppModel+AppSelection.swift */,
				A9E0A6EF05154A91AA51F820 /* AppModel+CloudKit.swift */,
				209424C72E85952D00904A0A /* DIContainer.swift */,
				209424C52E85952D00904A0A /* NotificationManager.swift */,
				2089F0BB2E71A18F00ABF5FA /* Assets.xcassets */,
				2089F0F12E72D68C00ABF5FA /* Steps4.entitlements */,
			);
			path = StepsTrader;
			sourceTree = "<group>";
		};
		209424AE2E80C52C00904A0A /* Intents */ = {
			isa = PBXGroup;
			children = (
			);
			path = Intents;
			sourceTree = "<group>";
		};
		209424BA2E8593DA00904A0A /* Components */ = {
			isa = PBXGroup;
			children = (
				209424B72E8593DA00904A0A /* StatMiniCard.swift */,
				209424B82E8593DA00904A0A /* StatusRow.swift */,
				209424B92E8593DA00904A0A /* TariffOptionView.swift */,
				2061ECE82F276FE8009FEC24 /* TimeAccessPickerSheet.swift */,
				2061EB752F254237009FEC24 /* DailyEnergyCard.swift */,
				20F5A00F2FFF020000000000 /* StepBalanceCard.swift */,
				2061EB922F269CE6009FEC24 /* ImagePicker.swift */,
				2061EB9E2F269D08009FEC24 /* EnergyDropMarker.swift */,
				2061EBA02F269D19009FEC24 /* ShieldRowView.swift */,
				2061EBA42F269D19009FEC24 /* AppSelectionComponents.swift */,
			);
			path = Components;
			sourceTree = "<group>";
		};
		209424BE2E8593DA00904A0A /* Views */ = {
			isa = PBXGroup;
			children = (
				209424BA2E8593DA00904A0A /* Components */,
				209424BB2E8593DA00904A0A /* BlockScreen.swift */,
				2061EB4C2F23FA84009FEC24 /* BlockScreenNew.swift */,
				200AC5B72F17A16B0018004E /* OuterWorldView.swift */,
				2061EB792F26593A009FEC24 /* CategoryDetailView.swift */,
				2061EB7B2F26594D009FEC24 /* CategorySettingsView.swift */,
				200AC5A72F16DA570018004E /* LoginView.swift */,
				2061EB7D2F269C99009FEC24 /* HandoffProtectionView.swift */,
				2061EB7E2F269C99009FEC24 /* MainTabView.swift */,
				2061EB7F2F269C99009FEC24 /* OnboardingStoriesView.swift */,
				2061EB802F269C99009FEC24 /* PayGateView.swift */,
				2061EB812F269C99009FEC24 /* QuickStatusView.swift */,
				2061EB8E2F269CE6009FEC24 /* ProfileEditorView.swift */,
				2061EB902F269CE6009FEC24 /* CountryPickerView.swift */,
				2061EB962F269CF7009FEC24 /* AutomationGuideView.swift */,
				2061EB982F269CF7009FEC24 /* ManualsPage.swift */,
				2061EBA22F269D19009FEC24 /* ShieldGroupSettingsView.swift */,
				2061EB772F2542A8009FEC24 /* EnergySetupView.swift */,
				209424BC2E8593DA00904A0A /* SettingsView.swift */,
				209424BD2E8593DA00904A0A /* StatusView.swift */,
				20F5A0022FFF000100000002 /* AppsPage.swift */,
				20F5A0062FFF000100000006 /* AppsPageSimplified.swift */,
			);
			path = Views;
			sourceTree = "<group>";
		};
		20E8EF842E7D41B200C092A1 /* Frameworks */ = {
			isa = PBXGroup;
			children = (
				20E8EF852E7D41B200C092A1 /* DeviceActivity.framework */,
				200AC4892F1402CF0018004E /* ManagedSettings.framework */,
				200AC48B2F1402CF0018004E /* ManagedSettingsUI.framework */,
			);
			name = Frameworks;
			sourceTree = "<group>";
		};
/* End PBXGroup section */

/* Begin PBXNativeTarget section */
		2061EB512F23FD14009FEC24 /* ShieldConfiguration */ = {
			isa = PBXNativeTarget;
			buildConfigurationList = 2061EB5E2F23FD14009FEC24 /* Build configuration list for PBXNativeTarget "ShieldConfiguration" */;
			buildPhases = (
				2061EB4E2F23FD14009FEC24 /* Sources */,
				2061EB4F2F23FD14009FEC24 /* Frameworks */,
				2061EB502F23FD14009FEC24 /* Resources */,
			);
			buildRules = (
			);
			dependencies = (
			);
			fileSystemSynchronizedGroups = (
				2061EB552F23FD14009FEC24 /* ShieldConfiguration */,
			);
			name = ShieldConfiguration;
			packageProductDependencies = (
			);
			productName = ShieldConfiguration;
			productReference = 2061EB522F23FD14009FEC24 /* ShieldConfiguration.appex */;
			productType = "com.apple.product-type.app-extension";
		};
		2061EB642F250A0B009FEC24 /* ShieldAction */ = {
			isa = PBXNativeTarget;
			buildConfigurationList = 2061EB702F250A0B009FEC24 /* Build configuration list for PBXNativeTarget "ShieldAction" */;
			buildPhases = (
				2061EB612F250A0B009FEC24 /* Sources */,
				2061EB622F250A0B009FEC24 /* Frameworks */,
				2061EB632F250A0B009FEC24 /* Resources */,
			);
			buildRules = (
			);
			dependencies = (
			);
			fileSystemSynchronizedGroups = (
				2061EB672F250A0B009FEC24 /* ShieldAction */,
			);
			name = ShieldAction;
			packageProductDependencies = (
			);
			productName = ShieldAction;
			productReference = 2061EB652F250A0B009FEC24 /* ShieldAction.appex */;
			productType = "com.apple.product-type.app-extension";
		};
		2089F0B32E71A18E00ABF5FA /* Steps4 */ = {
			isa = PBXNativeTarget;
			buildConfigurationList = 2089F0D82E71A18F00ABF5FA /* Build configuration list for PBXNativeTarget "Steps4" */;
			buildPhases = (
				2089F0B02E71A18E00ABF5FA /* Sources */,
				2089F0B12E71A18E00ABF5FA /* Frameworks */,
				2089F0B22E71A18E00ABF5FA /* Resources */,
				20E8EF8F2E7D41B200C092A1 /* Embed Foundation Extensions */,
			);
			buildRules = (
			);
			dependencies = (
				AC4D16A7D62B4F939697955A /* PBXTargetDependency */,
				2061EB5B2F23FD14009FEC24 /* PBXTargetDependency */,
				2061EB6D2F250A0B009FEC24 /* PBXTargetDependency */,
			);
			name = Steps4;
			productName = Steps4;
			productReference = 2089F0B42E71A18E00ABF5FA /* DOOM CTRL.app */;
			productType = "com.apple.product-type.application";
		};
		2089F0C32E71A18F00ABF5FA /* Steps4Tests */ = {
			isa = PBXNativeTarget;
			buildConfigurationList = 2089F0DB2E71A18F00ABF5FA /* Build configuration list for PBXNativeTarget "Steps4Tests" */;
			buildPhases = (
				2089F0C02E71A18F00ABF5FA /* Sources */,
				2089F0C12E71A18F00ABF5FA /* Frameworks */,
				2089F0C22E71A18F00ABF5FA /* Resources */,
			);
			buildRules = (
			);
			dependencies = (
				2089F0C62E71A18F00ABF5FA /* PBXTargetDependency */,
			);
			name = Steps4Tests;
			productName = Steps4Tests;
			productReference = 2089F0C42E71A18F00ABF5FA /* DOOM CTRL.xctest */;
			productType = "com.apple.product-type.bundle.unit-test";
		};
		2089F0CD2E71A18F00ABF5FA /* Steps4UITests */ = {
			isa = PBXNativeTarget;
			buildConfigurationList = 2089F0DE2E71A18F00ABF5FA /* Build configuration list for PBXNativeTarget "Steps4UITests" */;
			buildPhases = (
				2089F0CA2E71A18F00ABF5FA /* Sources */,
				2089F0CB2E71A18F00ABF5FA /* Frameworks */,
				2089F0CC2E71A18F00ABF5FA /* Resources */,
			);
			buildRules = (
			);
			dependencies = (
				2089F0D02E71A18F00ABF5FA /* PBXTargetDependency */,
			);
			name = Steps4UITests;
			productName = Steps4UITests;
			productReference = 2089F0CE2E71A18F00ABF5FA /* DOOM CTRL.xctest */;
			productType = "com.apple.product-type.bundle.ui-testing";
		};
		661EF750582B4195A3B59550 /* DeviceActivityMonitor */ = {
			isa = PBXNativeTarget;
			buildConfigurationList = 374153852EDD444292792DA5 /* Build configuration list for PBXNativeTarget "DeviceActivityMonitor" */;
			buildPhases = (
				C1C9A12592094ACF9C0456EA /* Sources */,
				9B81FA7FBB1B42C3A5EA347C /* Frameworks */,
				67306EB80E1448F787022772 /* Resources */,
			);
			buildRules = (
			);
			dependencies = (
			);
			fileSystemSynchronizedGroups = (
				69402D60D4CF4D02AA37F801 /* DeviceActivityMonitor */,
			);
			name = DeviceActivityMonitor;
			packageProductDependencies = (
			);
			productName = DeviceActivityMonitor;
			productReference = 554EE3AD45734274B4585281 /* DeviceActivityMonitor.appex */;
			productType = "com.apple.product-type.app-extension";
		};
/* End PBXNativeTarget section */

/* Begin PBXProject section */
		2089F0AC2E71A18E00ABF5FA /* Project object */ = {
			isa = PBXProject;
			attributes = {
				BuildIndependentTargetsInParallel = 1;
				LastSwiftUpdateCheck = 2610;
				LastUpgradeCheck = 2610;
				TargetAttributes = {
					2061EB512F23FD14009FEC24 = {
						CreatedOnToolsVersion = 26.1;
					};
					2061EB642F250A0B009FEC24 = {
						CreatedOnToolsVersion = 26.1;
					};
					2089F0B32E71A18E00ABF5FA = {
						CreatedOnToolsVersion = 15.4;
					};
					2089F0C32E71A18F00ABF5FA = {
						CreatedOnToolsVersion = 15.4;
						TestTargetID = 2089F0B32E71A18E00ABF5FA;
					};
					2089F0CD2E71A18F00ABF5FA = {
						CreatedOnToolsVersion = 15.4;
						TestTargetID = 2089F0B32E71A18E00ABF5FA;
					};
					661EF750582B4195A3B59550 = {
						CreatedOnToolsVersion = 16.4;
					};
				};
			};
			buildConfigurationList = 2089F0AF2E71A18E00ABF5FA /* Build configuration list for PBXProject "Steps4" */;
			compatibilityVersion = "Xcode 14.0";
			developmentRegion = en;
			hasScannedForEncodings = 0;
			knownRegions = (
				en,
				Base,
			);
			mainGroup = 2089F0AB2E71A18E00ABF5FA;
			productRefGroup = 2089F0B52E71A18E00ABF5FA /* Products */;
			projectDirPath = "";
			projectRoot = "";
			targets = (
				2089F0B32E71A18E00ABF5FA /* Steps4 */,
				2089F0C32E71A18F00ABF5FA /* Steps4Tests */,
				2089F0CD2E71A18F00ABF5FA /* Steps4UITests */,
				661EF750582B4195A3B59550 /* DeviceActivityMonitor */,
				2061EB512F23FD14009FEC24 /* ShieldConfiguration */,
				2061EB642F250A0B009FEC24 /* ShieldAction */,
			);
		};
/* End PBXProject section */

/* Begin PBXResourcesBuildPhase section */
		2061EB502F23FD14009FEC24 /* Resources */ = {
			isa = PBXResourcesBuildPhase;
			buildActionMask = 2147483647;
			files = (
			);
			runOnlyForDeploymentPostprocessing = 0;
		};
		2061EB632F250A0B009FEC24 /* Resources */ = {
			isa = PBXResourcesBuildPhase;
			buildActionMask = 2147483647;
			files = (
			);
			runOnlyForDeploymentPostprocessing = 0;
		};
		2089F0B22E71A18E00ABF5FA /* Resources */ = {
			isa = PBXResourcesBuildPhase;
			buildActionMask = 2147483647;
			files = (
				2089F0BF2E71A18F00ABF5FA /* Preview Assets.xcassets in Resources */,
				2089F0BC2E71A18F00ABF5FA /* Assets.xcassets in Resources */,
			);
			runOnlyForDeploymentPostprocessing = 0;
		};
		2089F0C22E71A18F00ABF5FA /* Resources */ = {
			isa = PBXResourcesBuildPhase;
			buildActionMask = 2147483647;
			files = (
			);
			runOnlyForDeploymentPostprocessing = 0;
		};
		2089F0CC2E71A18F00ABF5FA /* Resources */ = {
			isa = PBXResourcesBuildPhase;
			buildActionMask = 2147483647;
			files = (
			);
			runOnlyForDeploymentPostprocessing = 0;
		};
		67306EB80E1448F787022772 /* Resources */ = {
			isa = PBXResourcesBuildPhase;
			buildActionMask = 2147483647;
			files = (
			);
			runOnlyForDeploymentPostprocessing = 0;
		};
/* End PBXResourcesBuildPhase section */

/* Begin PBXSourcesBuildPhase section */
		2061EB4E2F23FD14009FEC24 /* Sources */ = {
			isa = PBXSourcesBuildPhase;
			buildActionMask = 2147483647;
			files = (
			);
			runOnlyForDeploymentPostprocessing = 0;
		};
		2061EB612F250A0B009FEC24 /* Sources */ = {
			isa = PBXSourcesBuildPhase;
			buildActionMask = 2147483647;
			files = (
			);
			runOnlyForDeploymentPostprocessing = 0;
		};
		2089F0B02E71A18E00ABF5FA /* Sources */ = {
			isa = PBXSourcesBuildPhase;
			buildActionMask = 2147483647;
			files = (
				209424C22E8593DA00904A0A /* BlockScreen.swift in Sources */,
				209424C42E8593DA00904A0A /* StatusView.swift in Sources */,
				209424BF2E8593DA00904A0A /* StatMiniCard.swift in Sources */,
				2089F0ED2E71AE3400ABF5FA /* FamilyControlsService.swift in Sources */,
				209424C82E85952D00904A0A /* NotificationManager.swift in Sources */,
				2061EB7A2F26593A009FEC24 /* CategoryDetailView.swift in Sources */,
				2061EB742F253EBD009FEC24 /* DailyEnergy.swift in Sources */,
				209424C02E8593DA00904A0A /* StatusRow.swift in Sources */,
				2061EB822F269C99009FEC24 /* QuickStatusView.swift in Sources */,
				2061EB832F269C99009FEC24 /* MainTabView.swift in Sources */,
				2061EB842F269C99009FEC24 /* PayGateView.swift in Sources */,
				2061EB852F269C99009FEC24 /* HandoffProtectionView.swift in Sources */,
				2061EB862F269C99009FEC24 /* OnboardingStoriesView.swift in Sources */,
				2061EB8D2F269CE6009FEC24 /* ProfileEditorView.swift in Sources */,
				2061EB8F2F269CE6009FEC24 /* CountryPickerView.swift in Sources */,
				2061EB912F269CE6009FEC24 /* ImagePicker.swift in Sources */,
				2061EB932F269CE6009FEC24 /* ProfileLocationManager.swift in Sources */,
				2061F00A2F2803AC009FEC24 /* AppModel+AppSelection.swift in Sources */,
				2061EB952F269CF7009FEC24 /* AutomationGuideView.swift in Sources */,
				2061EB972F269CF7009FEC24 /* ManualsPage.swift in Sources */,
				2061EB992F269D08009FEC24 /* EnergyDrop.swift in Sources */,
				2061EB9B2F269D08009FEC24 /* OuterWorldLocationManager.swift in Sources */,
				2061EB9D2F269D08009FEC24 /* EnergyDropMarker.swift in Sources */,
				2061EB9F2F269D19009FEC24 /* ShieldRowView.swift in Sources */,
				2061EBA12F269D19009FEC24 /* ShieldGroupSettingsView.swift in Sources */,
				2061EBA32F269D19009FEC24 /* AppSelectionComponents.swift in Sources */,
				2061EB762F254237009FEC24 /* DailyEnergyCard.swift in Sources */,
				20B0A3542E8C65E700D5EBE4 /* UserDefaults+StepsTrader.swift in Sources */,
				2089F0EE2E71AE3400ABF5FA /* HealthKitService.swift in Sources */,
				2061EB782F2542A8009FEC24 /* EnergySetupView.swift in Sources */,
				2089F0EB2E71AE3400ABF5FA /* BudgetEngine.swift in Sources */,
				200AC5AA2F16E8370018004E /* CloudKitService.swift in Sources */,
				2061EB892F269CC7009FEC24 /* LocationPermissionRequester.swift in Sources */,
				2061EB8A2F269CC7009FEC24 /* NotificationDelegate.swift in Sources */,
				2089F0F02E71AE3400ABF5FA /* StepsTraderApp.swift in Sources */,
				2089F0EF2E71AE3400ABF5FA /* Date+Today.swift in Sources */,
				209424C12E8593DA00904A0A /* TariffOptionView.swift in Sources */,
				200AC5A62F16DA3F0018004E /* AuthenticationService.swift in Sources */,
				20F5A0102FFF020000000001 /* StepBalanceCard.swift in Sources */,
				200AC47D2F0C825C0018004E /* AccessWindow.swift in Sources */,
				200AC5B82F17A16B0018004E /* OuterWorldView.swift in Sources */,
				20F5A0112FFF030000000002 /* Localization.swift in Sources */,
				20F5A0132FFF030000000004 /* ColorConstants.swift in Sources */,
				20B0A3582E8C930700D5EBE4 /* HandoffManager.swift in Sources */,
				209424C32E8593DA00904A0A /* SettingsView.swift in Sources */,
				20F5A0042FFF000100000004 /* AppsPage.swift in Sources */,
				20F5A0052FFF000100000005 /* AppsPageSimplified.swift in Sources */,
				2061EB8C2F269CD5009FEC24 /* PayGateBackgroundStyle.swift in Sources */,
				209424CA2E85952D00904A0A /* DIContainer.swift in Sources */,
				2061EB7C2F26594D009FEC24 /* CategorySettingsView.swift in Sources */,
				2089F0EC2E71AE3400ABF5FA /* Types.swift in Sources */,
				200AC5A82F16DA570018004E /* LoginView.swift in Sources */,
				2061ECE92F276FE8009FEC24 /* TimeAccessPickerSheet.swift in Sources */,
				2061ECEA2F277000009FEC24 /* StatusViewHelpers.swift in Sources */,
				2061ECEC2F277000009FEC24 /* StatusViewModels.swift in Sources */,
				2061ECEE2F277010009FEC24 /* AppUnlockSettings.swift in Sources */,
				2061ECF02F277010009FEC24 /* ShieldGroup.swift in Sources */,
				2061ECF42F277010009FEC24 /* MinuteChargeLog.swift in Sources */,
				2061ECF82F277010009FEC24 /* PayGateSession.swift in Sources */,
				209424C92E85952D00904A0A /* AppModel.swift in Sources */,
				209424CC2E85952D00904A0A /* AppModel+DailyEnergy.swift in Sources */,
				209424CD2E85952D00904A0A /* AppModel+ShieldManagement.swift in Sources */,
				209424CF2E85952D00904A0A /* AppModel+BudgetTracking.swift in Sources */,
				209424D12E85952D00904A0B /* AppModel+ShieldGroups.swift in Sources */,
				209424D52E85952D00904A0D /* AppModel+HealthKit.swift in Sources */,
				209424D72E85952D00904A0E /* AppModel+AppSettings.swift in Sources */,
				BA2C944BDF2E4A9FAF9E3D81 /* AppModel+Payment.swift in Sources */,
				31E56CC97BFC4B2EB6CAA2A8 /* AppModel+PayGate.swift in Sources */,
				C5D6E7F8A9B0C1D2E3F4A5B6 /* AppModel+AccessWindow.swift in Sources */,
				E8A4A43BE0F242E5A36640BB /* AppModel+AppSelection.swift in Sources */,
				27AD90C5198349049E4EC714 /* AppModel+CloudKit.swift in Sources */,
				2061EB4D2F23FA84009FEC24 /* BlockScreenNew.swift in Sources */,
				20F5A0032FFF000100000003 /* AutomationUIModels.swift in Sources */,
				200AC47B2F0C795D0018004E /* TargetResolver.swift in Sources */,
			);
			runOnlyForDeploymentPostprocessing = 0;
		};
		2089F0C02E71A18F00ABF5FA /* Sources */ = {
			isa = PBXSourcesBuildPhase;
			buildActionMask = 2147483647;
			files = (
			);
			runOnlyForDeploymentPostprocessing = 0;
		};
		2089F0CA2E71A18F00ABF5FA /* Sources */ = {
			isa = PBXSourcesBuildPhase;
			buildActionMask = 2147483647;
			files = (
			);
			runOnlyForDeploymentPostprocessing = 0;
		};
		C1C9A12592094ACF9C0456EA /* Sources */ = {
			isa = PBXSourcesBuildPhase;
			buildActionMask = 2147483647;
			files = (
			);
			runOnlyForDeploymentPostprocessing = 0;
		};
/* End PBXSourcesBuildPhase section */

/* Begin PBXTargetDependency section */
		2061EB5B2F23FD14009FEC24 /* PBXTargetDependency */ = {
			isa = PBXTargetDependency;
			target = 2061EB512F23FD14009FEC24 /* ShieldConfiguration */;
			targetProxy = 2061EB5A2F23FD14009FEC24 /* PBXContainerItemProxy */;
		};
		2061EB6D2F250A0B009FEC24 /* PBXTargetDependency */ = {
			isa = PBXTargetDependency;
			target = 2061EB642F250A0B009FEC24 /* ShieldAction */;
			targetProxy = 2061EB6C2F250A0B009FEC24 /* PBXContainerItemProxy */;
		};
		2089F0C62E71A18F00ABF5FA /* PBXTargetDependency */ = {
			isa = PBXTargetDependency;
			target = 2089F0B32E71A18E00ABF5FA /* Steps4 */;
			targetProxy = 2089F0C52E71A18F00ABF5FA /* PBXContainerItemProxy */;
		};
		2089F0D02E71A18F00ABF5FA /* PBXTargetDependency */ = {
			isa = PBXTargetDependency;
			target = 2089F0B32E71A18E00ABF5FA /* Steps4 */;
			targetProxy = 2089F0CF2E71A18F00ABF5FA /* PBXContainerItemProxy */;
		};
		AC4D16A7D62B4F939697955A /* PBXTargetDependency */ = {
			isa = PBXTargetDependency;
			target = 661EF750582B4195A3B59550 /* DeviceActivityMonitor */;
			targetProxy = 63495B2B2E564063AEB97212 /* PBXContainerItemProxy */;
		};
/* End PBXTargetDependency section */

/* Begin XCBuildConfiguration section */
		00EA17931620479BB15D9633 /* Debug */ = {
			isa = XCBuildConfiguration;
			buildSettings = {
				CODE_SIGN_ENTITLEMENTS = DeviceActivityMonitor/DeviceActivityMonitor.entitlements;
				CODE_SIGN_IDENTITY = "Apple Development";
				"CODE_SIGN_IDENTITY[sdk=iphoneos*]" = "iPhone Developer";
				CODE_SIGN_STYLE = Automatic;
				CURRENT_PROJECT_VERSION = 1;
				DEVELOPMENT_TEAM = 39V44D64DY;
				GENERATE_INFOPLIST_FILE = YES;
				INFOPLIST_FILE = DeviceActivityMonitor/Info.plist;
				INFOPLIST_KEY_CFBundleDisplayName = DeviceActivityMonitor;
				INFOPLIST_KEY_NSHumanReadableCopyright = "";
				IPHONEOS_DEPLOYMENT_TARGET = 18.5;
				LD_RUNPATH_SEARCH_PATHS = (
					"$(inherited)",
					"@executable_path/Frameworks",
					"@executable_path/../../Frameworks",
				);
				MARKETING_VERSION = 1.0;
				PRODUCT_BUNDLE_IDENTIFIER = "personal-project.StepsTrader.DeviceActivityMonitor";
				PRODUCT_NAME = "$(TARGET_NAME)";
				SKIP_INSTALL = YES;
				SWIFT_EMIT_LOC_STRINGS = YES;
				SWIFT_VERSION = 5.0;
				TARGETED_DEVICE_FAMILY = "1,2";
			};
			name = Debug;
		};
		2061EB5F2F23FD14009FEC24 /* Debug */ = {
			isa = XCBuildConfiguration;
			buildSettings = {
				CODE_SIGN_ENTITLEMENTS = ShieldConfiguration/ShieldConfiguration.entitlements;
				CODE_SIGN_IDENTITY = "Apple Development";
				"CODE_SIGN_IDENTITY[sdk=iphoneos*]" = "iPhone Developer";
				CODE_SIGN_STYLE = Automatic;
				CURRENT_PROJECT_VERSION = 1;
				DEVELOPMENT_TEAM = 39V44D64DY;
				GENERATE_INFOPLIST_FILE = YES;
				INFOPLIST_FILE = ShieldConfiguration/Info.plist;
				INFOPLIST_KEY_CFBundleDisplayName = ShieldConfiguration;
				INFOPLIST_KEY_NSHumanReadableCopyright = "";
				IPHONEOS_DEPLOYMENT_TARGET = 26.1;
				LD_RUNPATH_SEARCH_PATHS = (
					"$(inherited)",
					"@executable_path/Frameworks",
					"@executable_path/../../Frameworks",
				);
				MARKETING_VERSION = 1.0;
				PRODUCT_BUNDLE_IDENTIFIER = "personal-project.StepsTrader.ShieldConfiguration";
				PRODUCT_NAME = "$(TARGET_NAME)";
				SKIP_INSTALL = YES;
				STRING_CATALOG_GENERATE_SYMBOLS = YES;
				SWIFT_APPROACHABLE_CONCURRENCY = YES;
				SWIFT_EMIT_LOC_STRINGS = YES;
				SWIFT_UPCOMING_FEATURE_MEMBER_IMPORT_VISIBILITY = YES;
				SWIFT_VERSION = 5.0;
				TARGETED_DEVICE_FAMILY = "1,2";
			};
			name = Debug;
		};
		2061EB602F23FD14009FEC24 /* Release */ = {
			isa = XCBuildConfiguration;
			buildSettings = {
				CODE_SIGN_ENTITLEMENTS = ShieldConfiguration/ShieldConfiguration.entitlements;
				CODE_SIGN_IDENTITY = "Apple Development";
				"CODE_SIGN_IDENTITY[sdk=iphoneos*]" = "iPhone Developer";
				CODE_SIGN_STYLE = Automatic;
				CURRENT_PROJECT_VERSION = 1;
				DEVELOPMENT_TEAM = 39V44D64DY;
				GENERATE_INFOPLIST_FILE = YES;
				INFOPLIST_FILE = ShieldConfiguration/Info.plist;
				INFOPLIST_KEY_CFBundleDisplayName = ShieldConfiguration;
				INFOPLIST_KEY_NSHumanReadableCopyright = "";
				IPHONEOS_DEPLOYMENT_TARGET = 26.1;
				LD_RUNPATH_SEARCH_PATHS = (
					"$(inherited)",
					"@executable_path/Frameworks",
					"@executable_path/../../Frameworks",
				);
				MARKETING_VERSION = 1.0;
				PRODUCT_BUNDLE_IDENTIFIER = "personal-project.StepsTrader.ShieldConfiguration";
				PRODUCT_NAME = "$(TARGET_NAME)";
				SKIP_INSTALL = YES;
				STRING_CATALOG_GENERATE_SYMBOLS = YES;
				SWIFT_APPROACHABLE_CONCURRENCY = YES;
				SWIFT_EMIT_LOC_STRINGS = YES;
				SWIFT_UPCOMING_FEATURE_MEMBER_IMPORT_VISIBILITY = YES;
				SWIFT_VERSION = 5.0;
				TARGETED_DEVICE_FAMILY = "1,2";
			};
			name = Release;
		};
		2061EB712F250A0B009FEC24 /* Debug */ = {
			isa = XCBuildConfiguration;
			buildSettings = {
				CODE_SIGN_ENTITLEMENTS = ShieldAction/ShieldAction.entitlements;
				CODE_SIGN_IDENTITY = "Apple Development";
				"CODE_SIGN_IDENTITY[sdk=iphoneos*]" = "iPhone Developer";
				CODE_SIGN_STYLE = Automatic;
				CURRENT_PROJECT_VERSION = 1;
				DEVELOPMENT_TEAM = 39V44D64DY;
				GENERATE_INFOPLIST_FILE = YES;
				INFOPLIST_FILE = ShieldAction/Info.plist;
				INFOPLIST_KEY_CFBundleDisplayName = ShieldAction;
				INFOPLIST_KEY_NSHumanReadableCopyright = "";
				IPHONEOS_DEPLOYMENT_TARGET = 26.1;
				LD_RUNPATH_SEARCH_PATHS = (
					"$(inherited)",
					"@executable_path/Frameworks",
					"@executable_path/../../Frameworks",
				);
				MARKETING_VERSION = 1.0;
				PRODUCT_BUNDLE_IDENTIFIER = "personal-project.StepsTrader.ShieldAction";
				PRODUCT_NAME = "$(TARGET_NAME)";
				SKIP_INSTALL = YES;
				STRING_CATALOG_GENERATE_SYMBOLS = YES;
				SWIFT_APPROACHABLE_CONCURRENCY = YES;
				SWIFT_EMIT_LOC_STRINGS = YES;
				SWIFT_UPCOMING_FEATURE_MEMBER_IMPORT_VISIBILITY = YES;
				SWIFT_VERSION = 5.0;
				TARGETED_DEVICE_FAMILY = "1,2";
			};
			name = Debug;
		};
		2061EB722F250A0B009FEC24 /* Release */ = {
			isa = XCBuildConfiguration;
			buildSettings = {
				CODE_SIGN_ENTITLEMENTS = ShieldAction/ShieldAction.entitlements;
				CODE_SIGN_IDENTITY = "Apple Development";
				"CODE_SIGN_IDENTITY[sdk=iphoneos*]" = "iPhone Developer";
				CODE_SIGN_STYLE = Automatic;
				CURRENT_PROJECT_VERSION = 1;
				DEVELOPMENT_TEAM = 39V44D64DY;
				GENERATE_INFOPLIST_FILE = YES;
				INFOPLIST_FILE = ShieldAction/Info.plist;
				INFOPLIST_KEY_CFBundleDisplayName = ShieldAction;
				INFOPLIST_KEY_NSHumanReadableCopyright = "";
				IPHONEOS_DEPLOYMENT_TARGET = 26.1;
				LD_RUNPATH_SEARCH_PATHS = (
					"$(inherited)",
					"@executable_path/Frameworks",
					"@executable_path/../../Frameworks",
				);
				MARKETING_VERSION = 1.0;
				PRODUCT_BUNDLE_IDENTIFIER = "personal-project.StepsTrader.ShieldAction";
				PRODUCT_NAME = "$(TARGET_NAME)";
				SKIP_INSTALL = YES;
				STRING_CATALOG_GENERATE_SYMBOLS = YES;
				SWIFT_APPROACHABLE_CONCURRENCY = YES;
				SWIFT_EMIT_LOC_STRINGS = YES;
				SWIFT_UPCOMING_FEATURE_MEMBER_IMPORT_VISIBILITY = YES;
				SWIFT_VERSION = 5.0;
				TARGETED_DEVICE_FAMILY = "1,2";
			};
			name = Release;
		};
		2089F0D62E71A18F00ABF5FA /* Debug */ = {
			isa = XCBuildConfiguration;
			buildSettings = {
				ALWAYS_SEARCH_USER_PATHS = NO;
				ASSETCATALOG_COMPILER_GENERATE_SWIFT_ASSET_SYMBOL_EXTENSIONS = YES;
				CLANG_ANALYZER_NONNULL = YES;
				CLANG_ANALYZER_NUMBER_OBJECT_CONVERSION = YES_AGGRESSIVE;
				CLANG_CXX_LANGUAGE_STANDARD = "gnu++20";
				CLANG_ENABLE_MODULES = YES;
				CLANG_ENABLE_OBJC_ARC = YES;
				CLANG_ENABLE_OBJC_WEAK = YES;
				CLANG_WARN_BLOCK_CAPTURE_AUTORELEASING = YES;
				CLANG_WARN_BOOL_CONVERSION = YES;
				CLANG_WARN_COMMA = YES;
				CLANG_WARN_CONSTANT_CONVERSION = YES;
				CLANG_WARN_DEPRECATED_OBJC_IMPLEMENTATIONS = YES;
				CLANG_WARN_DIRECT_OBJC_ISA_USAGE = YES_ERROR;
				CLANG_WARN_DOCUMENTATION_COMMENTS = YES;
				CLANG_WARN_EMPTY_BODY = YES;
				CLANG_WARN_ENUM_CONVERSION = YES;
				CLANG_WARN_INFINITE_RECURSION = YES;
				CLANG_WARN_INT_CONVERSION = YES;
				CLANG_WARN_NON_LITERAL_NULL_CONVERSION = YES;
				CLANG_WARN_OBJC_IMPLICIT_RETAIN_SELF = YES;
				CLANG_WARN_OBJC_LITERAL_CONVERSION = YES;
				CLANG_WARN_OBJC_ROOT_CLASS = YES_ERROR;
				CLANG_WARN_QUOTED_INCLUDE_IN_FRAMEWORK_HEADER = YES;
				CLANG_WARN_RANGE_LOOP_ANALYSIS = YES;
				CLANG_WARN_STRICT_PROTOTYPES = YES;
				CLANG_WARN_SUSPICIOUS_MOVE = YES;
				CLANG_WARN_UNGUARDED_AVAILABILITY = YES_AGGRESSIVE;
				CLANG_WARN_UNREACHABLE_CODE = YES;
				CLANG_WARN__DUPLICATE_METHOD_MATCH = YES;
				COPY_PHASE_STRIP = NO;
				DEBUG_INFORMATION_FORMAT = dwarf;
				DEVELOPMENT_TEAM = 39V44D64DY;
				ENABLE_STRICT_OBJC_MSGSEND = YES;
				ENABLE_TESTABILITY = YES;
				ENABLE_USER_SCRIPT_SANDBOXING = YES;
				GCC_C_LANGUAGE_STANDARD = gnu17;
				GCC_DYNAMIC_NO_PIC = NO;
				GCC_NO_COMMON_BLOCKS = YES;
				GCC_OPTIMIZATION_LEVEL = 0;
				GCC_PREPROCESSOR_DEFINITIONS = (
					"DEBUG=1",
					"$(inherited)",
				);
				GCC_WARN_64_TO_32_BIT_CONVERSION = YES;
				GCC_WARN_ABOUT_RETURN_TYPE = YES_ERROR;
				GCC_WARN_UNDECLARED_SELECTOR = YES;
				GCC_WARN_UNINITIALIZED_AUTOS = YES_AGGRESSIVE;
				GCC_WARN_UNUSED_FUNCTION = YES;
				GCC_WARN_UNUSED_VARIABLE = YES;
				IPHONEOS_DEPLOYMENT_TARGET = 17.5;
				LOCALIZATION_PREFERS_STRING_CATALOGS = YES;
				MTL_ENABLE_DEBUG_INFO = INCLUDE_SOURCE;
				MTL_FAST_MATH = YES;
				ONLY_ACTIVE_ARCH = YES;
				SDKROOT = iphoneos;
				STRING_CATALOG_GENERATE_SYMBOLS = YES;
				SWIFT_ACTIVE_COMPILATION_CONDITIONS = "DEBUG $(inherited)";
				SWIFT_OPTIMIZATION_LEVEL = "-Onone";
			};
			name = Debug;
		};
		2089F0D72E71A18F00ABF5FA /* Release */ = {
			isa = XCBuildConfiguration;
			buildSettings = {
				ALWAYS_SEARCH_USER_PATHS = NO;
				ASSETCATALOG_COMPILER_GENERATE_SWIFT_ASSET_SYMBOL_EXTENSIONS = YES;
				CLANG_ANALYZER_NONNULL = YES;
				CLANG_ANALYZER_NUMBER_OBJECT_CONVERSION = YES_AGGRESSIVE;
				CLANG_CXX_LANGUAGE_STANDARD = "gnu++20";
				CLANG_ENABLE_MODULES = YES;
				CLANG_ENABLE_OBJC_ARC = YES;
				CLANG_ENABLE_OBJC_WEAK = YES;
				CLANG_WARN_BLOCK_CAPTURE_AUTORELEASING = YES;
				CLANG_WARN_BOOL_CONVERSION = YES;
				CLANG_WARN_COMMA = YES;
				CLANG_WARN_CONSTANT_CONVERSION = YES;
				CLANG_WARN_DEPRECATED_OBJC_IMPLEMENTATIONS = YES;
				CLANG_WARN_DIRECT_OBJC_ISA_USAGE = YES_ERROR;
				CLANG_WARN_DOCUMENTATION_COMMENTS = YES;
				CLANG_WARN_EMPTY_BODY = YES;
				CLANG_WARN_ENUM_CONVERSION = YES;
				CLANG_WARN_INFINITE_RECURSION = YES;
				CLANG_WARN_INT_CONVERSION = YES;
				CLANG_WARN_NON_LITERAL_NULL_CONVERSION = YES;
				CLANG_WARN_OBJC_IMPLICIT_RETAIN_SELF = YES;
				CLANG_WARN_OBJC_LITERAL_CONVERSION = YES;
				CLANG_WARN_OBJC_ROOT_CLASS = YES_ERROR;
				CLANG_WARN_QUOTED_INCLUDE_IN_FRAMEWORK_HEADER = YES;
				CLANG_WARN_RANGE_LOOP_ANALYSIS = YES;
				CLANG_WARN_STRICT_PROTOTYPES = YES;
				CLANG_WARN_SUSPICIOUS_MOVE = YES;
				CLANG_WARN_UNGUARDED_AVAILABILITY = YES_AGGRESSIVE;
				CLANG_WARN_UNREACHABLE_CODE = YES;
				CLANG_WARN__DUPLICATE_METHOD_MATCH = YES;
				COPY_PHASE_STRIP = NO;
				DEBUG_INFORMATION_FORMAT = "dwarf-with-dsym";
				DEVELOPMENT_TEAM = 39V44D64DY;
				ENABLE_NS_ASSERTIONS = NO;
				ENABLE_STRICT_OBJC_MSGSEND = YES;
				ENABLE_USER_SCRIPT_SANDBOXING = YES;
				GCC_C_LANGUAGE_STANDARD = gnu17;
				GCC_NO_COMMON_BLOCKS = YES;
				GCC_WARN_64_TO_32_BIT_CONVERSION = YES;
				GCC_WARN_ABOUT_RETURN_TYPE = YES_ERROR;
				GCC_WARN_UNDECLARED_SELECTOR = YES;
				GCC_WARN_UNINITIALIZED_AUTOS = YES_AGGRESSIVE;
				GCC_WARN_UNUSED_FUNCTION = YES;
				GCC_WARN_UNUSED_VARIABLE = YES;
				IPHONEOS_DEPLOYMENT_TARGET = 17.5;
				LOCALIZATION_PREFERS_STRING_CATALOGS = YES;
				MTL_ENABLE_DEBUG_INFO = NO;
				MTL_FAST_MATH = YES;
				SDKROOT = iphoneos;
				STRING_CATALOG_GENERATE_SYMBOLS = YES;
				SWIFT_COMPILATION_MODE = wholemodule;
				VALIDATE_PRODUCT = YES;
			};
			name = Release;
		};
		2089F0D92E71A18F00ABF5FA /* Debug */ = {
			isa = XCBuildConfiguration;
			buildSettings = {
				ASSETCATALOG_COMPILER_APPICON_NAME = AppIcon;
				ASSETCATALOG_COMPILER_GLOBAL_ACCENT_COLOR_NAME = AccentColor;
				CODE_SIGN_ALLOW_ENTITLEMENTS_MODIFICATION = YES;
				CODE_SIGN_ENTITLEMENTS = StepsTrader/Steps4.entitlements;
				CODE_SIGN_IDENTITY = "Apple Development";
				"CODE_SIGN_IDENTITY[sdk=iphoneos*]" = "iPhone Developer";
				CODE_SIGN_STYLE = Automatic;
				CURRENT_PROJECT_VERSION = 1;
				DEVELOPMENT_ASSET_PATHS = "\"Steps4/Preview Content\" \"StepsTrader/Preview Content\"";
				DEVELOPMENT_TEAM = 39V44D64DY;
				ENABLE_PREVIEWS = YES;
				GENERATE_INFOPLIST_FILE = YES;
				INFOPLIST_FILE = Steps4/Info.plist;
				INFOPLIST_KEY_CFBundleDisplayName = "DOOM CTRL";
				INFOPLIST_KEY_ITSAppUsesNonExemptEncryption = NO;
				INFOPLIST_KEY_NSHealthShareUsageDescription = "DOOM CTRL needs access to your step count to manage app time.";
				INFOPLIST_KEY_NSHealthUpdateUsageDescription = "DOOM CTRL uses your step count to calculate available time.";
				INFOPLIST_KEY_NSLocationWhenInUseUsageDescription = "DOOM CTRL uses your location to find energy drops in the Outer World and set your profile.";
				INFOPLIST_KEY_UIApplicationSceneManifest_Generation = YES;
				INFOPLIST_KEY_UIApplicationSupportsIndirectInputEvents = YES;
				INFOPLIST_KEY_UILaunchScreen_Generation = YES;
				INFOPLIST_KEY_UISupportedInterfaceOrientations = "UIInterfaceOrientationLandscapeLeft UIInterfaceOrientationLandscapeRight UIInterfaceOrientationPortrait UIInterfaceOrientationPortraitUpsideDown";
				LD_RUNPATH_SEARCH_PATHS = (
					"$(inherited)",
					"@executable_path/Frameworks",
				);
				MARKETING_VERSION = 1.0;
				PRODUCT_BUNDLE_IDENTIFIER = "personal-project.StepsTrader";
				PRODUCT_NAME = "DOOM CTRL";
				PROVISIONING_PROFILE_SPECIFIER = "";
				SWIFT_EMIT_LOC_STRINGS = YES;
				SWIFT_VERSION = 5.0;
				TARGETED_DEVICE_FAMILY = "1,2";
			};
			name = Debug;
		};
		2089F0DA2E71A18F00ABF5FA /* Release */ = {
			isa = XCBuildConfiguration;
			buildSettings = {
				ASSETCATALOG_COMPILER_APPICON_NAME = AppIcon;
				ASSETCATALOG_COMPILER_GLOBAL_ACCENT_COLOR_NAME = AccentColor;
				CODE_SIGN_ALLOW_ENTITLEMENTS_MODIFICATION = YES;
				CODE_SIGN_ENTITLEMENTS = StepsTrader/Steps4.entitlements;
				CODE_SIGN_IDENTITY = "Apple Development";
				"CODE_SIGN_IDENTITY[sdk=iphoneos*]" = "iPhone Developer";
				CODE_SIGN_STYLE = Automatic;
				CURRENT_PROJECT_VERSION = 1;
				DEVELOPMENT_ASSET_PATHS = "\"Steps4/Preview Content\" \"StepsTrader/Preview Content\"";
				DEVELOPMENT_TEAM = 39V44D64DY;
				ENABLE_PREVIEWS = YES;
				GENERATE_INFOPLIST_FILE = YES;
				INFOPLIST_FILE = Steps4/Info.plist;
				INFOPLIST_KEY_CFBundleDisplayName = "DOOM CTRL";
				INFOPLIST_KEY_ITSAppUsesNonExemptEncryption = NO;
				INFOPLIST_KEY_NSHealthShareUsageDescription = "DOOM CTRL needs access to your step count to manage app time.";
				INFOPLIST_KEY_NSHealthUpdateUsageDescription = "DOOM CTRL uses your step count to calculate available time.";
				INFOPLIST_KEY_NSLocationWhenInUseUsageDescription = "DOOM CTRL uses your location to find energy drops in the Outer World and set your profile.";
				INFOPLIST_KEY_UIApplicationSceneManifest_Generation = YES;
				INFOPLIST_KEY_UIApplicationSupportsIndirectInputEvents = YES;
				INFOPLIST_KEY_UILaunchScreen_Generation = YES;
				INFOPLIST_KEY_UISupportedInterfaceOrientations = "UIInterfaceOrientationLandscapeLeft UIInterfaceOrientationLandscapeRight UIInterfaceOrientationPortrait UIInterfaceOrientationPortraitUpsideDown";
				LD_RUNPATH_SEARCH_PATHS = (
					"$(inherited)",
					"@executable_path/Frameworks",
				);
				MARKETING_VERSION = 1.0;
				PRODUCT_BUNDLE_IDENTIFIER = "personal-project.StepsTrader";
				PRODUCT_NAME = "DOOM CTRL";
				PROVISIONING_PROFILE_SPECIFIER = "";
				SWIFT_EMIT_LOC_STRINGS = YES;
				SWIFT_VERSION = 5.0;
				TARGETED_DEVICE_FAMILY = "1,2";
			};
			name = Release;
		};
		2089F0DC2E71A18F00ABF5FA /* Debug */ = {
			isa = XCBuildConfiguration;
			buildSettings = {
				BUNDLE_LOADER = "$(TEST_HOST)";
				CODE_SIGN_STYLE = Automatic;
				CURRENT_PROJECT_VERSION = 1;
				GENERATE_INFOPLIST_FILE = YES;
				IPHONEOS_DEPLOYMENT_TARGET = 17.5;
				MARKETING_VERSION = 1.0;
				PRODUCT_BUNDLE_IDENTIFIER = "personal-project.Steps4Tests";
				PRODUCT_NAME = "DOOM CTRL";
				SWIFT_EMIT_LOC_STRINGS = NO;
				SWIFT_VERSION = 5.0;
				TARGETED_DEVICE_FAMILY = "1,2";
				TEST_HOST = "$(BUILT_PRODUCTS_DIR)/Steps4.app/$(BUNDLE_EXECUTABLE_FOLDER_PATH)/Steps4";
			};
			name = Debug;
		};
		2089F0DD2E71A18F00ABF5FA /* Release */ = {
			isa = XCBuildConfiguration;
			buildSettings = {
				BUNDLE_LOADER = "$(TEST_HOST)";
				CODE_SIGN_STYLE = Automatic;
				CURRENT_PROJECT_VERSION = 1;
				GENERATE_INFOPLIST_FILE = YES;
				IPHONEOS_DEPLOYMENT_TARGET = 17.5;
				MARKETING_VERSION = 1.0;
				PRODUCT_BUNDLE_IDENTIFIER = "personal-project.Steps4Tests";
				PRODUCT_NAME = "DOOM CTRL";
				SWIFT_EMIT_LOC_STRINGS = NO;
				SWIFT_VERSION = 5.0;
				TARGETED_DEVICE_FAMILY = "1,2";
				TEST_HOST = "$(BUILT_PRODUCTS_DIR)/Steps4.app/$(BUNDLE_EXECUTABLE_FOLDER_PATH)/Steps4";
			};
			name = Release;
		};
		2089F0DF2E71A18F00ABF5FA /* Debug */ = {
			isa = XCBuildConfiguration;
			buildSettings = {
				CODE_SIGN_STYLE = Automatic;
				CURRENT_PROJECT_VERSION = 1;
				GENERATE_INFOPLIST_FILE = YES;
				MARKETING_VERSION = 1.0;
				PRODUCT_BUNDLE_IDENTIFIER = "personal-project.Steps4UITests";
				PRODUCT_NAME = "DOOM CTRL";
				SWIFT_EMIT_LOC_STRINGS = NO;
				SWIFT_VERSION = 5.0;
				TARGETED_DEVICE_FAMILY = "1,2";
				TEST_TARGET_NAME = Steps4;
			};
			name = Debug;
		};
		2089F0E02E71A18F00ABF5FA /* Release */ = {
			isa = XCBuildConfiguration;
			buildSettings = {
				CODE_SIGN_STYLE = Automatic;
				CURRENT_PROJECT_VERSION = 1;
				GENERATE_INFOPLIST_FILE = YES;
				MARKETING_VERSION = 1.0;
				PRODUCT_BUNDLE_IDENTIFIER = "personal-project.Steps4UITests";
				PRODUCT_NAME = "Steps Trader";
				SWIFT_EMIT_LOC_STRINGS = NO;
				SWIFT_VERSION = 5.0;
				TARGETED_DEVICE_FAMILY = "1,2";
				TEST_TARGET_NAME = Steps4;
			};
			name = Release;
		};
		60EDB3F536974F0FAD029C65 /* Release */ = {
			isa = XCBuildConfiguration;
			buildSettings = {
				CODE_SIGN_ENTITLEMENTS = DeviceActivityMonitor/DeviceActivityMonitor.entitlements;
				CODE_SIGN_IDENTITY = "Apple Development";
				"CODE_SIGN_IDENTITY[sdk=iphoneos*]" = "iPhone Developer";
				CODE_SIGN_STYLE = Automatic;
				CURRENT_PROJECT_VERSION = 1;
				DEVELOPMENT_TEAM = 39V44D64DY;
				GENERATE_INFOPLIST_FILE = YES;
				INFOPLIST_FILE = DeviceActivityMonitor/Info.plist;
				INFOPLIST_KEY_CFBundleDisplayName = DeviceActivityMonitor;
				INFOPLIST_KEY_NSHumanReadableCopyright = "";
				IPHONEOS_DEPLOYMENT_TARGET = 18.5;
				LD_RUNPATH_SEARCH_PATHS = (
					"$(inherited)",
					"@executable_path/Frameworks",
					"@executable_path/../../Frameworks",
				);
				MARKETING_VERSION = 1.0;
				PRODUCT_BUNDLE_IDENTIFIER = "personal-project.StepsTrader.DeviceActivityMonitor";
				PRODUCT_NAME = "$(TARGET_NAME)";
				SKIP_INSTALL = YES;
				SWIFT_EMIT_LOC_STRINGS = YES;
				SWIFT_VERSION = 5.0;
				TARGETED_DEVICE_FAMILY = "1,2";
			};
			name = Release;
		};
/* End XCBuildConfiguration section */

/* Begin XCConfigurationList section */
		2061EB5E2F23FD14009FEC24 /* Build configuration list for PBXNativeTarget "ShieldConfiguration" */ = {
			isa = XCConfigurationList;
			buildConfigurations = (
				2061EB5F2F23FD14009FEC24 /* Debug */,
				2061EB602F23FD14009FEC24 /* Release */,
			);
			defaultConfigurationIsVisible = 0;
			defaultConfigurationName = Release;
		};
		2061EB702F250A0B009FEC24 /* Build configuration list for PBXNativeTarget "ShieldAction" */ = {
			isa = XCConfigurationList;
			buildConfigurations = (
				2061EB712F250A0B009FEC24 /* Debug */,
				2061EB722F250A0B009FEC24 /* Release */,
			);
			defaultConfigurationIsVisible = 0;
			defaultConfigurationName = Release;
		};
		2089F0AF2E71A18E00ABF5FA /* Build configuration list for PBXProject "Steps4" */ = {
			isa = XCConfigurationList;
			buildConfigurations = (
				2089F0D62E71A18F00ABF5FA /* Debug */,
				2089F0D72E71A18F00ABF5FA /* Release */,
			);
			defaultConfigurationIsVisible = 0;
			defaultConfigurationName = Release;
		};
		2089F0D82E71A18F00ABF5FA /* Build configuration list for PBXNativeTarget "Steps4" */ = {
			isa = XCConfigurationList;
			buildConfigurations = (
				2089F0D92E71A18F00ABF5FA /* Debug */,
				2089F0DA2E71A18F00ABF5FA /* Release */,
			);
			defaultConfigurationIsVisible = 0;
			defaultConfigurationName = Release;
		};
		2089F0DB2E71A18F00ABF5FA /* Build configuration list for PBXNativeTarget "Steps4Tests" */ = {
			isa = XCConfigurationList;
			buildConfigurations = (
				2089F0DC2E71A18F00ABF5FA /* Debug */,
				2089F0DD2E71A18F00ABF5FA /* Release */,
			);
			defaultConfigurationIsVisible = 0;
			defaultConfigurationName = Release;
		};
		2089F0DE2E71A18F00ABF5FA /* Build configuration list for PBXNativeTarget "Steps4UITests" */ = {
			isa = XCConfigurationList;
			buildConfigurations = (
				2089F0DF2E71A18F00ABF5FA /* Debug */,
				2089F0E02E71A18F00ABF5FA /* Release */,
			);
			defaultConfigurationIsVisible = 0;
			defaultConfigurationName = Release;
		};
		374153852EDD444292792DA5 /* Build configuration list for PBXNativeTarget "DeviceActivityMonitor" */ = {
			isa = XCConfigurationList;
			buildConfigurations = (
				00EA17931620479BB15D9633 /* Debug */,
				60EDB3F536974F0FAD029C65 /* Release */,
			);
			defaultConfigurationIsVisible = 0;
			defaultConfigurationName = Release;
		};
/* End XCConfigurationList section */
	};
	rootObject = 2089F0AC2E71A18E00ABF5FA /* Project object */;
}
